// !$*UTF8*$!
{
	archiveVersion = 1;
	classes = {
	};
	objectVersion = 50;
	objects = {

/* Begin PBXBuildFile section */
		1113720F260145E200FE9AAA /* ProjectViewInteresting.swift in Sources */ = {isa = PBXBuildFile; fileRef = 1113720E260145E200FE9AAA /* ProjectViewInteresting.swift */; };
		1121AF2126B42C0F00799894 /* ProjectViewModelAPI.swift in Sources */ = {isa = PBXBuildFile; fileRef = 1121AF2026B42C0F00799894 /* ProjectViewModelAPI.swift */; };
		1121AF2626B54CA100799894 /* PostAPI.swift in Sources */ = {isa = PBXBuildFile; fileRef = 1121AF2526B54CA100799894 /* PostAPI.swift */; };
		1121AF2926B559D400799894 /* ImageLoader.swift in Sources */ = {isa = PBXBuildFile; fileRef = 1121AF2826B559D400799894 /* ImageLoader.swift */; };
		1121AF2E26B55B2500799894 /* PosterImage.swift in Sources */ = {isa = PBXBuildFile; fileRef = 1121AF2D26B55B2500799894 /* PosterImage.swift */; };
		1121AF3326B5878200799894 /* ImagePicker.swift in Sources */ = {isa = PBXBuildFile; fileRef = 1121AF3226B5878200799894 /* ImagePicker.swift */; };
		1121AF3626B588A000799894 /* NewsCreationView.swift in Sources */ = {isa = PBXBuildFile; fileRef = 1121AF3526B588A000799894 /* NewsCreationView.swift */; };
		1121AF3926B58CA400799894 /* ServerTestView.swift in Sources */ = {isa = PBXBuildFile; fileRef = 1121AF3826B58CA400799894 /* ServerTestView.swift */; };
		1121AF3D26B5A5FC00799894 /* CreationView.swift in Sources */ = {isa = PBXBuildFile; fileRef = 1121AF3C26B5A5FC00799894 /* CreationView.swift */; };
		1121AF4226B5B57700799894 /* UserCreationView.swift in Sources */ = {isa = PBXBuildFile; fileRef = 1121AF4126B5B57700799894 /* UserCreationView.swift */; };
		1121AF4826B5D9C000799894 /* ProjectCreationView.swift in Sources */ = {isa = PBXBuildFile; fileRef = 1121AF4726B5D9C000799894 /* ProjectCreationView.swift */; };
		113497F4261D9B11007AAE96 /* TestSystem.swift in Sources */ = {isa = PBXBuildFile; fileRef = 113497F3261D9B11007AAE96 /* TestSystem.swift */; };
		1134980A2620C8A0007AAE96 /* News.swift in Sources */ = {isa = PBXBuildFile; fileRef = 113498092620C8A0007AAE96 /* News.swift */; };
		1134980D2620C91D007AAE96 /* MainTextInfo.swift in Sources */ = {isa = PBXBuildFile; fileRef = 1134980C2620C91D007AAE96 /* MainTextInfo.swift */; };
		113595BA26E6798800D8813A /* NewsEditView.swift in Sources */ = {isa = PBXBuildFile; fileRef = 113595B926E6798800D8813A /* NewsEditView.swift */; };
		113BC12D25EFF2950076AEDC /* User.swift in Sources */ = {isa = PBXBuildFile; fileRef = 113BC12C25EFF2950076AEDC /* User.swift */; };
		1145CDE92641CBF90068A784 /* ProjectMainView.swift in Sources */ = {isa = PBXBuildFile; fileRef = 1145CDE82641CBF90068A784 /* ProjectMainView.swift */; };
		1145CDEC2641D2DF0068A784 /* ProjectViewModel.swift in Sources */ = {isa = PBXBuildFile; fileRef = 1145CDEB2641D2DF0068A784 /* ProjectViewModel.swift */; };
		1145CDF026448BA20068A784 /* ProjectLoader.swift in Sources */ = {isa = PBXBuildFile; fileRef = 1145CDEF26448BA20068A784 /* ProjectLoader.swift */; };
		1145CDF42650F7480068A784 /* FeedProject.swift in Sources */ = {isa = PBXBuildFile; fileRef = 1145CDF32650F7480068A784 /* FeedProject.swift */; };
		11ABC42326BC56E000E71E29 /* NewsView.swift in Sources */ = {isa = PBXBuildFile; fileRef = 11ABC42226BC56E000E71E29 /* NewsView.swift */; };
		11ABC42626BC776200E71E29 /* GlobalNews.swift in Sources */ = {isa = PBXBuildFile; fileRef = 11ABC42526BC776200E71E29 /* GlobalNews.swift */; };
		11ABC42A26BD409200E71E29 /* GlobalNewsCard.swift in Sources */ = {isa = PBXBuildFile; fileRef = 11ABC42926BD409200E71E29 /* GlobalNewsCard.swift */; };
		11ABC42D26BD414C00E71E29 /* CustomButtonTag.swift in Sources */ = {isa = PBXBuildFile; fileRef = 11ABC42C26BD414C00E71E29 /* CustomButtonTag.swift */; };
		11ABC43026BDB37D00E71E29 /* ProjectCardView.swift in Sources */ = {isa = PBXBuildFile; fileRef = 11ABC42F26BDB37D00E71E29 /* ProjectCardView.swift */; };
		11ABC43426BDC2AE00E71E29 /* ProjectTinder.swift in Sources */ = {isa = PBXBuildFile; fileRef = 11ABC43326BDC2AE00E71E29 /* ProjectTinder.swift */; };
		11ABC43926BDEF5D00E71E29 /* ProjectActionView.swift in Sources */ = {isa = PBXBuildFile; fileRef = 11ABC43826BDEF5D00E71E29 /* ProjectActionView.swift */; };
		11BA6C6D25DEE6AB000E0580 /* Assets.xcassets in Resources */ = {isa = PBXBuildFile; fileRef = 11BA6C6C25DEE6AB000E0580 /* Assets.xcassets */; };
		11BA6C7025DEE6AB000E0580 /* Preview Assets.xcassets in Resources */ = {isa = PBXBuildFile; fileRef = 11BA6C6F25DEE6AB000E0580 /* Preview Assets.xcassets */; };
		11BA6C7925DEF84A000E0580 /* EditableText.swift in Sources */ = {isa = PBXBuildFile; fileRef = 11BA6C7825DEF84A000E0580 /* EditableText.swift */; };
		11C7C84425E0641B006EEADC /* TextBindingManager.swift in Sources */ = {isa = PBXBuildFile; fileRef = 11C7C84325E0641B006EEADC /* TextBindingManager.swift */; };
		11C7C84825E064A2006EEADC /* Extension.swift in Sources */ = {isa = PBXBuildFile; fileRef = 11C7C84725E064A2006EEADC /* Extension.swift */; };
		11C7C87725E065EB006EEADC /* Racketa_SwiftUIApp.swift in Sources */ = {isa = PBXBuildFile; fileRef = 11C7C87625E065EB006EEADC /* Racketa_SwiftUIApp.swift */; };
		11C7C88225E3D87B006EEADC /* MainView.swift in Sources */ = {isa = PBXBuildFile; fileRef = 11C7C88125E3D87B006EEADC /* MainView.swift */; };
		11C7C88625E3E7B2006EEADC /* CustomTabBar.swift in Sources */ = {isa = PBXBuildFile; fileRef = 11C7C88525E3E7B2006EEADC /* CustomTabBar.swift */; };
		11C7C89025E4332C006EEADC /* RoundedHalfRectangle.swift in Sources */ = {isa = PBXBuildFile; fileRef = 11C7C88F25E4332C006EEADC /* RoundedHalfRectangle.swift */; };
		11C7C89525E43725006EEADC /* Project.swift in Sources */ = {isa = PBXBuildFile; fileRef = 11C7C89425E43725006EEADC /* Project.swift */; };
		11C7C89D25E6C1EF006EEADC /* ProjectManager.swift in Sources */ = {isa = PBXBuildFile; fileRef = 11C7C89C25E6C1EF006EEADC /* ProjectManager.swift */; };
		11C7C8AA25E81AE0006EEADC /* ProximaNova-Semibold.ttf in Resources */ = {isa = PBXBuildFile; fileRef = 11C7C8A825E8162D006EEADC /* ProximaNova-Semibold.ttf */; };
		11C7C8AC25E81AE5006EEADC /* ProximaNova-Bold.ttf in Resources */ = {isa = PBXBuildFile; fileRef = 11C7C8A425E815FB006EEADC /* ProximaNova-Bold.ttf */; };
		11C7C8AE25E81AFD006EEADC /* ProximaNova-Light.ttf in Resources */ = {isa = PBXBuildFile; fileRef = 11C7C8A625E8160E006EEADC /* ProximaNova-Light.ttf */; };
		11C7C8B025E81B00006EEADC /* ProximaNova-Regular.ttf in Resources */ = {isa = PBXBuildFile; fileRef = 11C7C8A725E81626006EEADC /* ProximaNova-Regular.ttf */; };
		11C7C8B225E81B04006EEADC /* ProximaNova-Black.ttf in Resources */ = {isa = PBXBuildFile; fileRef = 11C7C8A325E815F3006EEADC /* ProximaNova-Black.ttf */; };
		11C7C8B525E823C0006EEADC /* ProximaNova-Extrabld.ttf in Resources */ = {isa = PBXBuildFile; fileRef = 11C7C8B425E823C0006EEADC /* ProximaNova-Extrabld.ttf */; };
		11E1736F26C10C09008F96CA /* TestView.swift in Sources */ = {isa = PBXBuildFile; fileRef = 11E1736E26C10C08008F96CA /* TestView.swift */; };
		11E1737226C318BB008F96CA /* UserProfileView.swift in Sources */ = {isa = PBXBuildFile; fileRef = 11E1737126C318BA008F96CA /* UserProfileView.swift */; };
		11E1737626C31BB1008F96CA /* UserProfileCard.swift in Sources */ = {isa = PBXBuildFile; fileRef = 11E1737526C31BB1008F96CA /* UserProfileCard.swift */; };
		11E1737C26C3221E008F96CA /* CustomButtonUrl.swift in Sources */ = {isa = PBXBuildFile; fileRef = 11E1737B26C3221E008F96CA /* CustomButtonUrl.swift */; };
		11F3E47E26A6F42B00BCE44E /* DesignClass.swift in Sources */ = {isa = PBXBuildFile; fileRef = 11F3E47D26A6F42B00BCE44E /* DesignClass.swift */; };
		11F3E48426AD6E5000BCE44E /* Participant.swift in Sources */ = {isa = PBXBuildFile; fileRef = 11F3E48326AD6E5000BCE44E /* Participant.swift */; };
		11F3E48A26B205D100BCE44E /* SimpleManager.swift in Sources */ = {isa = PBXBuildFile; fileRef = 11F3E48926B205D100BCE44E /* SimpleManager.swift */; };
		11FFAADB26B426D7002C8920 /* ProjectAPI.swift in Sources */ = {isa = PBXBuildFile; fileRef = 11FFAADA26B426D7002C8920 /* ProjectAPI.swift */; };
/* End PBXBuildFile section */

/* Begin PBXFileReference section */
		1113720E260145E200FE9AAA /* ProjectViewInteresting.swift */ = {isa = PBXFileReference; lastKnownFileType = sourcecode.swift; path = ProjectViewInteresting.swift; sourceTree = "<group>"; };
		1121AF2026B42C0F00799894 /* ProjectViewModelAPI.swift */ = {isa = PBXFileReference; lastKnownFileType = sourcecode.swift; path = ProjectViewModelAPI.swift; sourceTree = "<group>"; };
		1121AF2526B54CA100799894 /* PostAPI.swift */ = {isa = PBXFileReference; lastKnownFileType = sourcecode.swift; path = PostAPI.swift; sourceTree = "<group>"; };
		1121AF2826B559D400799894 /* ImageLoader.swift */ = {isa = PBXFileReference; lastKnownFileType = sourcecode.swift; path = ImageLoader.swift; sourceTree = "<group>"; };
		1121AF2D26B55B2500799894 /* PosterImage.swift */ = {isa = PBXFileReference; lastKnownFileType = sourcecode.swift; path = PosterImage.swift; sourceTree = "<group>"; };
		1121AF3226B5878200799894 /* ImagePicker.swift */ = {isa = PBXFileReference; lastKnownFileType = sourcecode.swift; path = ImagePicker.swift; sourceTree = "<group>"; };
		1121AF3526B588A000799894 /* NewsCreationView.swift */ = {isa = PBXFileReference; lastKnownFileType = sourcecode.swift; path = NewsCreationView.swift; sourceTree = "<group>"; };
		1121AF3826B58CA400799894 /* ServerTestView.swift */ = {isa = PBXFileReference; lastKnownFileType = sourcecode.swift; path = ServerTestView.swift; sourceTree = "<group>"; };
		1121AF3C26B5A5FC00799894 /* CreationView.swift */ = {isa = PBXFileReference; lastKnownFileType = sourcecode.swift; path = CreationView.swift; sourceTree = "<group>"; };
		1121AF4126B5B57700799894 /* UserCreationView.swift */ = {isa = PBXFileReference; lastKnownFileType = sourcecode.swift; path = UserCreationView.swift; sourceTree = "<group>"; };
		1121AF4726B5D9C000799894 /* ProjectCreationView.swift */ = {isa = PBXFileReference; lastKnownFileType = sourcecode.swift; path = ProjectCreationView.swift; sourceTree = "<group>"; };
		113497F3261D9B11007AAE96 /* TestSystem.swift */ = {isa = PBXFileReference; lastKnownFileType = sourcecode.swift; path = TestSystem.swift; sourceTree = "<group>"; };
		113498092620C8A0007AAE96 /* News.swift */ = {isa = PBXFileReference; lastKnownFileType = sourcecode.swift; path = News.swift; sourceTree = "<group>"; };
		1134980C2620C91D007AAE96 /* MainTextInfo.swift */ = {isa = PBXFileReference; lastKnownFileType = sourcecode.swift; path = MainTextInfo.swift; sourceTree = "<group>"; };
		113595B926E6798800D8813A /* NewsEditView.swift */ = {isa = PBXFileReference; lastKnownFileType = sourcecode.swift; path = NewsEditView.swift; sourceTree = "<group>"; };
		113BC12C25EFF2950076AEDC /* User.swift */ = {isa = PBXFileReference; lastKnownFileType = sourcecode.swift; path = User.swift; sourceTree = "<group>"; };
		1145CDE82641CBF90068A784 /* ProjectMainView.swift */ = {isa = PBXFileReference; lastKnownFileType = sourcecode.swift; path = ProjectMainView.swift; sourceTree = "<group>"; };
		1145CDEB2641D2DF0068A784 /* ProjectViewModel.swift */ = {isa = PBXFileReference; lastKnownFileType = sourcecode.swift; path = ProjectViewModel.swift; sourceTree = "<group>"; };
		1145CDEF26448BA20068A784 /* ProjectLoader.swift */ = {isa = PBXFileReference; lastKnownFileType = sourcecode.swift; path = ProjectLoader.swift; sourceTree = "<group>"; };
		1145CDF32650F7480068A784 /* FeedProject.swift */ = {isa = PBXFileReference; lastKnownFileType = sourcecode.swift; path = FeedProject.swift; sourceTree = "<group>"; };
		11ABC42226BC56E000E71E29 /* NewsView.swift */ = {isa = PBXFileReference; lastKnownFileType = sourcecode.swift; path = NewsView.swift; sourceTree = "<group>"; };
		11ABC42526BC776200E71E29 /* GlobalNews.swift */ = {isa = PBXFileReference; lastKnownFileType = sourcecode.swift; path = GlobalNews.swift; sourceTree = "<group>"; };
		11ABC42926BD409200E71E29 /* GlobalNewsCard.swift */ = {isa = PBXFileReference; lastKnownFileType = sourcecode.swift; path = GlobalNewsCard.swift; sourceTree = "<group>"; };
		11ABC42C26BD414C00E71E29 /* CustomButtonTag.swift */ = {isa = PBXFileReference; lastKnownFileType = sourcecode.swift; path = CustomButtonTag.swift; sourceTree = "<group>"; };
		11ABC42F26BDB37D00E71E29 /* ProjectCardView.swift */ = {isa = PBXFileReference; lastKnownFileType = sourcecode.swift; path = ProjectCardView.swift; sourceTree = "<group>"; };
		11ABC43326BDC2AE00E71E29 /* ProjectTinder.swift */ = {isa = PBXFileReference; lastKnownFileType = sourcecode.swift; path = ProjectTinder.swift; sourceTree = "<group>"; };
		11ABC43826BDEF5D00E71E29 /* ProjectActionView.swift */ = {isa = PBXFileReference; lastKnownFileType = sourcecode.swift; path = ProjectActionView.swift; sourceTree = "<group>"; };
		11BA6C6525DEE6A8000E0580 /* Racketa_SwiftUI.app */ = {isa = PBXFileReference; explicitFileType = wrapper.application; includeInIndex = 0; path = Racketa_SwiftUI.app; sourceTree = BUILT_PRODUCTS_DIR; };
		11BA6C6C25DEE6AB000E0580 /* Assets.xcassets */ = {isa = PBXFileReference; lastKnownFileType = folder.assetcatalog; path = Assets.xcassets; sourceTree = "<group>"; };
		11BA6C6F25DEE6AB000E0580 /* Preview Assets.xcassets */ = {isa = PBXFileReference; lastKnownFileType = folder.assetcatalog; path = "Preview Assets.xcassets"; sourceTree = "<group>"; };
		11BA6C7125DEE6AB000E0580 /* Info.plist */ = {isa = PBXFileReference; lastKnownFileType = text.plist.xml; path = Info.plist; sourceTree = "<group>"; };
		11BA6C7825DEF84A000E0580 /* EditableText.swift */ = {isa = PBXFileReference; lastKnownFileType = sourcecode.swift; path = EditableText.swift; sourceTree = "<group>"; };
		11C7C84325E0641B006EEADC /* TextBindingManager.swift */ = {isa = PBXFileReference; lastKnownFileType = sourcecode.swift; path = TextBindingManager.swift; sourceTree = "<group>"; };
		11C7C84725E064A2006EEADC /* Extension.swift */ = {isa = PBXFileReference; lastKnownFileType = sourcecode.swift; path = Extension.swift; sourceTree = "<group>"; };
		11C7C87625E065EB006EEADC /* Racketa_SwiftUIApp.swift */ = {isa = PBXFileReference; fileEncoding = 4; lastKnownFileType = sourcecode.swift; path = Racketa_SwiftUIApp.swift; sourceTree = "<group>"; };
		11C7C88125E3D87B006EEADC /* MainView.swift */ = {isa = PBXFileReference; lastKnownFileType = sourcecode.swift; path = MainView.swift; sourceTree = "<group>"; };
		11C7C88525E3E7B2006EEADC /* CustomTabBar.swift */ = {isa = PBXFileReference; lastKnownFileType = sourcecode.swift; path = CustomTabBar.swift; sourceTree = "<group>"; };
		11C7C88F25E4332C006EEADC /* RoundedHalfRectangle.swift */ = {isa = PBXFileReference; lastKnownFileType = sourcecode.swift; path = RoundedHalfRectangle.swift; sourceTree = "<group>"; };
		11C7C89425E43725006EEADC /* Project.swift */ = {isa = PBXFileReference; lastKnownFileType = sourcecode.swift; path = Project.swift; sourceTree = "<group>"; };
		11C7C89C25E6C1EF006EEADC /* ProjectManager.swift */ = {isa = PBXFileReference; lastKnownFileType = sourcecode.swift; path = ProjectManager.swift; sourceTree = "<group>"; };
		11C7C8A325E815F3006EEADC /* ProximaNova-Black.ttf */ = {isa = PBXFileReference; lastKnownFileType = file; path = "ProximaNova-Black.ttf"; sourceTree = "<group>"; };
		11C7C8A425E815FB006EEADC /* ProximaNova-Bold.ttf */ = {isa = PBXFileReference; lastKnownFileType = file; path = "ProximaNova-Bold.ttf"; sourceTree = "<group>"; };
		11C7C8A625E8160E006EEADC /* ProximaNova-Light.ttf */ = {isa = PBXFileReference; lastKnownFileType = file; path = "ProximaNova-Light.ttf"; sourceTree = "<group>"; };
		11C7C8A725E81626006EEADC /* ProximaNova-Regular.ttf */ = {isa = PBXFileReference; lastKnownFileType = file; path = "ProximaNova-Regular.ttf"; sourceTree = "<group>"; };
		11C7C8A825E8162D006EEADC /* ProximaNova-Semibold.ttf */ = {isa = PBXFileReference; lastKnownFileType = file; path = "ProximaNova-Semibold.ttf"; sourceTree = "<group>"; };
		11C7C8B425E823C0006EEADC /* ProximaNova-Extrabld.ttf */ = {isa = PBXFileReference; lastKnownFileType = file; path = "ProximaNova-Extrabld.ttf"; sourceTree = "<group>"; };
		11E1736E26C10C08008F96CA /* TestView.swift */ = {isa = PBXFileReference; lastKnownFileType = sourcecode.swift; path = TestView.swift; sourceTree = "<group>"; };
		11E1737126C318BA008F96CA /* UserProfileView.swift */ = {isa = PBXFileReference; lastKnownFileType = sourcecode.swift; path = UserProfileView.swift; sourceTree = "<group>"; };
		11E1737526C31BB1008F96CA /* UserProfileCard.swift */ = {isa = PBXFileReference; lastKnownFileType = sourcecode.swift; path = UserProfileCard.swift; sourceTree = "<group>"; };
		11E1737B26C3221E008F96CA /* CustomButtonUrl.swift */ = {isa = PBXFileReference; lastKnownFileType = sourcecode.swift; path = CustomButtonUrl.swift; sourceTree = "<group>"; };
		11F3E47D26A6F42B00BCE44E /* DesignClass.swift */ = {isa = PBXFileReference; lastKnownFileType = sourcecode.swift; path = DesignClass.swift; sourceTree = "<group>"; };
		11F3E48326AD6E5000BCE44E /* Participant.swift */ = {isa = PBXFileReference; lastKnownFileType = sourcecode.swift; path = Participant.swift; sourceTree = "<group>"; };
		11F3E48926B205D100BCE44E /* SimpleManager.swift */ = {isa = PBXFileReference; lastKnownFileType = sourcecode.swift; path = SimpleManager.swift; sourceTree = "<group>"; };
		11FFAADA26B426D7002C8920 /* ProjectAPI.swift */ = {isa = PBXFileReference; lastKnownFileType = sourcecode.swift; path = ProjectAPI.swift; sourceTree = "<group>"; };
/* End PBXFileReference section */

/* Begin PBXFrameworksBuildPhase section */
		11BA6C6225DEE6A8000E0580 /* Frameworks */ = {
			isa = PBXFrameworksBuildPhase;
			buildActionMask = 2147483647;
			files = (
			);
			runOnlyForDeploymentPostprocessing = 0;
		};
/* End PBXFrameworksBuildPhase section */

/* Begin PBXGroup section */
		1121AF3126B586A100799894 /* Server */ = {
			isa = PBXGroup;
			children = (
				1121AF2026B42C0F00799894 /* ProjectViewModelAPI.swift */,
				1121AF2526B54CA100799894 /* PostAPI.swift */,
				11FFAADA26B426D7002C8920 /* ProjectAPI.swift */,
				1121AF2D26B55B2500799894 /* PosterImage.swift */,
				1121AF2826B559D400799894 /* ImageLoader.swift */,
			);
			path = Server;
			sourceTree = "<group>";
		};
		1121AF4026B5B48700799894 /* ServerTestApp */ = {
			isa = PBXGroup;
			children = (
				1121AF3826B58CA400799894 /* ServerTestView.swift */,
				11F3E48926B205D100BCE44E /* SimpleManager.swift */,
				1121AF3C26B5A5FC00799894 /* CreationView.swift */,
				1121AF4726B5D9C000799894 /* ProjectCreationView.swift */,
				1121AF3526B588A000799894 /* NewsCreationView.swift */,
				1121AF4126B5B57700799894 /* UserCreationView.swift */,
			);
			path = ServerTestApp;
			sourceTree = "<group>";
		};
		113BC12625EFBDA60076AEDC /* ViewModel */ = {
			isa = PBXGroup;
			children = (
				11C7C88D25E43305006EEADC /* Shapes */,
				11E1737526C31BB1008F96CA /* UserProfileCard.swift */,
				11ABC42F26BDB37D00E71E29 /* ProjectCardView.swift */,
				11ABC42926BD409200E71E29 /* GlobalNewsCard.swift */,
				11E1737B26C3221E008F96CA /* CustomButtonUrl.swift */,
				11ABC42C26BD414C00E71E29 /* CustomButtonTag.swift */,
			);
			path = ViewModel;
			sourceTree = "<group>";
		};
		1145CDE72641CB1B0068A784 /* SecondView */ = {
			isa = PBXGroup;
			children = (
				1145CDE82641CBF90068A784 /* ProjectMainView.swift */,
				1145CDEB2641D2DF0068A784 /* ProjectViewModel.swift */,
			);
			path = SecondView;
			sourceTree = "<group>";
		};
		1145CDF22650F7020068A784 /* FirstView */ = {
			isa = PBXGroup;
			children = (
				1145CDF32650F7480068A784 /* FeedProject.swift */,
			);
			path = FirstView;
			sourceTree = "<group>";
		};
		11BA6C5C25DEE6A8000E0580 = {
			isa = PBXGroup;
			children = (
				11BA6C6725DEE6A8000E0580 /* Racketa_SwiftUI */,
				11BA6C6625DEE6A8000E0580 /* Products */,
			);
			sourceTree = "<group>";
		};
		11BA6C6625DEE6A8000E0580 /* Products */ = {
			isa = PBXGroup;
			children = (
				11BA6C6525DEE6A8000E0580 /* Racketa_SwiftUI.app */,
			);
			name = Products;
			sourceTree = "<group>";
		};
		11BA6C6725DEE6A8000E0580 /* Racketa_SwiftUI */ = {
			isa = PBXGroup;
			children = (
				11C7C87625E065EB006EEADC /* Racketa_SwiftUIApp.swift */,
				113595B926E6798800D8813A /* NewsEditView.swift */,
				11C7C88125E3D87B006EEADC /* MainView.swift */,
				11E1737126C318BA008F96CA /* UserProfileView.swift */,
				11ABC43826BDEF5D00E71E29 /* ProjectActionView.swift */,
				11ABC43326BDC2AE00E71E29 /* ProjectTinder.swift */,
				11ABC42226BC56E000E71E29 /* NewsView.swift */,
				1121AF4026B5B48700799894 /* ServerTestApp */,
				1121AF3126B586A100799894 /* Server */,
				1145CDF22650F7020068A784 /* FirstView */,
				1145CDE72641CB1B0068A784 /* SecondView */,
				11C7C88525E3E7B2006EEADC /* CustomTabBar.swift */,
				1121AF3226B5878200799894 /* ImagePicker.swift */,
				11C7C89325E4370C006EEADC /* Model */,
				113BC12625EFBDA60076AEDC /* ViewModel */,
				11C7C84725E064A2006EEADC /* Extension.swift */,
				11BA6C6C25DEE6AB000E0580 /* Assets.xcassets */,
				11BA6C7125DEE6AB000E0580 /* Info.plist */,
				11C7C8A225E815B8006EEADC /* fonts */,
				11BA6C6E25DEE6AB000E0580 /* Preview Content */,
				11E1736E26C10C08008F96CA /* TestView.swift */,
			);
			path = Racketa_SwiftUI;
			sourceTree = "<group>";
		};
		11BA6C6E25DEE6AB000E0580 /* Preview Content */ = {
			isa = PBXGroup;
			children = (
				11BA6C6F25DEE6AB000E0580 /* Preview Assets.xcassets */,
			);
			path = "Preview Content";
			sourceTree = "<group>";
		};
		11C7C88D25E43305006EEADC /* Shapes */ = {
			isa = PBXGroup;
			children = (
				11C7C88F25E4332C006EEADC /* RoundedHalfRectangle.swift */,
			);
			path = Shapes;
			sourceTree = "<group>";
		};
		11C7C89325E4370C006EEADC /* Model */ = {
			isa = PBXGroup;
			children = (
				11ABC42526BC776200E71E29 /* GlobalNews.swift */,
				113497F3261D9B11007AAE96 /* TestSystem.swift */,
				11C7C89425E43725006EEADC /* Project.swift */,
				113498092620C8A0007AAE96 /* News.swift */,
				113BC12C25EFF2950076AEDC /* User.swift */,
				11F3E48326AD6E5000BCE44E /* Participant.swift */,
				1134980C2620C91D007AAE96 /* MainTextInfo.swift */,
				11C7C89C25E6C1EF006EEADC /* ProjectManager.swift */,
				11C7C84325E0641B006EEADC /* TextBindingManager.swift */,
				1113720E260145E200FE9AAA /* ProjectViewInteresting.swift */,
				11BA6C7825DEF84A000E0580 /* EditableText.swift */,
				1145CDEF26448BA20068A784 /* ProjectLoader.swift */,
				11F3E47D26A6F42B00BCE44E /* DesignClass.swift */,
			);
			path = Model;
			sourceTree = "<group>";
		};
		11C7C8A225E815B8006EEADC /* fonts */ = {
			isa = PBXGroup;
			children = (
				11C7C8B425E823C0006EEADC /* ProximaNova-Extrabld.ttf */,
				11C7C8A825E8162D006EEADC /* ProximaNova-Semibold.ttf */,
				11C7C8A725E81626006EEADC /* ProximaNova-Regular.ttf */,
				11C7C8A625E8160E006EEADC /* ProximaNova-Light.ttf */,
				11C7C8A425E815FB006EEADC /* ProximaNova-Bold.ttf */,
				11C7C8A325E815F3006EEADC /* ProximaNova-Black.ttf */,
			);
			path = fonts;
			sourceTree = "<group>";
		};
/* End PBXGroup section */

/* Begin PBXNativeTarget section */
		11BA6C6425DEE6A8000E0580 /* Racketa_SwiftUI */ = {
			isa = PBXNativeTarget;
			buildConfigurationList = 11BA6C7425DEE6AB000E0580 /* Build configuration list for PBXNativeTarget "Racketa_SwiftUI" */;
			buildPhases = (
				11BA6C6125DEE6A8000E0580 /* Sources */,
				11BA6C6225DEE6A8000E0580 /* Frameworks */,
				11BA6C6325DEE6A8000E0580 /* Resources */,
			);
			buildRules = (
			);
			dependencies = (
			);
			name = Racketa_SwiftUI;
			productName = Racketa_SwiftUI;
			productReference = 11BA6C6525DEE6A8000E0580 /* Racketa_SwiftUI.app */;
			productType = "com.apple.product-type.application";
		};
/* End PBXNativeTarget section */

/* Begin PBXProject section */
		11BA6C5D25DEE6A8000E0580 /* Project object */ = {
			isa = PBXProject;
			attributes = {
				LastSwiftUpdateCheck = 1240;
				LastUpgradeCheck = 1240;
				TargetAttributes = {
					11BA6C6425DEE6A8000E0580 = {
						CreatedOnToolsVersion = 12.4;
					};
				};
			};
			buildConfigurationList = 11BA6C6025DEE6A8000E0580 /* Build configuration list for PBXProject "Racketa_SwiftUI" */;
			compatibilityVersion = "Xcode 9.3";
			developmentRegion = en;
			hasScannedForEncodings = 0;
			knownRegions = (
				en,
				Base,
			);
			mainGroup = 11BA6C5C25DEE6A8000E0580;
			productRefGroup = 11BA6C6625DEE6A8000E0580 /* Products */;
			projectDirPath = "";
			projectRoot = "";
			targets = (
				11BA6C6425DEE6A8000E0580 /* Racketa_SwiftUI */,
			);
		};
/* End PBXProject section */

/* Begin PBXResourcesBuildPhase section */
		11BA6C6325DEE6A8000E0580 /* Resources */ = {
			isa = PBXResourcesBuildPhase;
			buildActionMask = 2147483647;
			files = (
				11C7C8AE25E81AFD006EEADC /* ProximaNova-Light.ttf in Resources */,
				11BA6C7025DEE6AB000E0580 /* Preview Assets.xcassets in Resources */,
				11C7C8B025E81B00006EEADC /* ProximaNova-Regular.ttf in Resources */,
				11C7C8B525E823C0006EEADC /* ProximaNova-Extrabld.ttf in Resources */,
				11C7C8B225E81B04006EEADC /* ProximaNova-Black.ttf in Resources */,
				11BA6C6D25DEE6AB000E0580 /* Assets.xcassets in Resources */,
				11C7C8AC25E81AE5006EEADC /* ProximaNova-Bold.ttf in Resources */,
				11C7C8AA25E81AE0006EEADC /* ProximaNova-Semibold.ttf in Resources */,
			);
			runOnlyForDeploymentPostprocessing = 0;
		};
/* End PBXResourcesBuildPhase section */

/* Begin PBXSourcesBuildPhase section */
		11BA6C6125DEE6A8000E0580 /* Sources */ = {
			isa = PBXSourcesBuildPhase;
			buildActionMask = 2147483647;
			files = (
				11F3E47E26A6F42B00BCE44E /* DesignClass.swift in Sources */,
				1134980D2620C91D007AAE96 /* MainTextInfo.swift in Sources */,
				11F3E48A26B205D100BCE44E /* SimpleManager.swift in Sources */,
				11ABC43426BDC2AE00E71E29 /* ProjectTinder.swift in Sources */,
				11ABC42626BC776200E71E29 /* GlobalNews.swift in Sources */,
				1121AF3326B5878200799894 /* ImagePicker.swift in Sources */,
				11C7C88225E3D87B006EEADC /* MainView.swift in Sources */,
				1145CDF026448BA20068A784 /* ProjectLoader.swift in Sources */,
				1145CDF42650F7480068A784 /* FeedProject.swift in Sources */,
				11ABC42A26BD409200E71E29 /* GlobalNewsCard.swift in Sources */,
				1121AF2126B42C0F00799894 /* ProjectViewModelAPI.swift in Sources */,
				11C7C84825E064A2006EEADC /* Extension.swift in Sources */,
				1121AF2626B54CA100799894 /* PostAPI.swift in Sources */,
				11C7C89D25E6C1EF006EEADC /* ProjectManager.swift in Sources */,
				1121AF3D26B5A5FC00799894 /* CreationView.swift in Sources */,
				11ABC42326BC56E000E71E29 /* NewsView.swift in Sources */,
				1145CDE92641CBF90068A784 /* ProjectMainView.swift in Sources */,
				11C7C88625E3E7B2006EEADC /* CustomTabBar.swift in Sources */,
				1113720F260145E200FE9AAA /* ProjectViewInteresting.swift in Sources */,
				11BA6C7925DEF84A000E0580 /* EditableText.swift in Sources */,
				11ABC43926BDEF5D00E71E29 /* ProjectActionView.swift in Sources */,
				1121AF4226B5B57700799894 /* UserCreationView.swift in Sources */,
				1121AF3626B588A000799894 /* NewsCreationView.swift in Sources */,
				11C7C87725E065EB006EEADC /* Racketa_SwiftUIApp.swift in Sources */,
				11E1737626C31BB1008F96CA /* UserProfileCard.swift in Sources */,
				1134980A2620C8A0007AAE96 /* News.swift in Sources */,
				11ABC43026BDB37D00E71E29 /* ProjectCardView.swift in Sources */,
				1121AF3926B58CA400799894 /* ServerTestView.swift in Sources */,
				11C7C84425E0641B006EEADC /* TextBindingManager.swift in Sources */,
				1121AF2926B559D400799894 /* ImageLoader.swift in Sources */,
				1121AF2E26B55B2500799894 /* PosterImage.swift in Sources */,
				113595BA26E6798800D8813A /* NewsEditView.swift in Sources */,
				11ABC42D26BD414C00E71E29 /* CustomButtonTag.swift in Sources */,
				11C7C89025E4332C006EEADC /* RoundedHalfRectangle.swift in Sources */,
				11E1737226C318BB008F96CA /* UserProfileView.swift in Sources */,
				11FFAADB26B426D7002C8920 /* ProjectAPI.swift in Sources */,
				1145CDEC2641D2DF0068A784 /* ProjectViewModel.swift in Sources */,
				1121AF4826B5D9C000799894 /* ProjectCreationView.swift in Sources */,
				113BC12D25EFF2950076AEDC /* User.swift in Sources */,
				11E1736F26C10C09008F96CA /* TestView.swift in Sources */,
				11F3E48426AD6E5000BCE44E /* Participant.swift in Sources */,
				11C7C89525E43725006EEADC /* Project.swift in Sources */,
				11E1737C26C3221E008F96CA /* CustomButtonUrl.swift in Sources */,
				113497F4261D9B11007AAE96 /* TestSystem.swift in Sources */,
			);
			runOnlyForDeploymentPostprocessing = 0;
		};
/* End PBXSourcesBuildPhase section */

/* Begin XCBuildConfiguration section */
		11BA6C7225DEE6AB000E0580 /* Debug */ = {
			isa = XCBuildConfiguration;
			buildSettings = {
				ALWAYS_SEARCH_USER_PATHS = NO;
				CLANG_ANALYZER_NONNULL = YES;
				CLANG_ANALYZER_NUMBER_OBJECT_CONVERSION = YES_AGGRESSIVE;
				CLANG_CXX_LANGUAGE_STANDARD = "gnu++14";
				CLANG_CXX_LIBRARY = "libc++";
				CLANG_ENABLE_MODULES = YES;
				CLANG_ENABLE_OBJC_ARC = YES;
				CLANG_ENABLE_OBJC_WEAK = YES;
				CLANG_WARN_BLOCK_CAPTURE_AUTORELEASING = YES;
				CLANG_WARN_BOOL_CONVERSION = YES;
				CLANG_WARN_COMMA = YES;
				CLANG_WARN_CONSTANT_CONVERSION = YES;
				CLANG_WARN_DEPRECATED_OBJC_IMPLEMENTATIONS = YES;
				CLANG_WARN_DIRECT_OBJC_ISA_USAGE = YES_ERROR;
				CLANG_WARN_DOCUMENTATION_COMMENTS = YES;
				CLANG_WARN_EMPTY_BODY = YES;
				CLANG_WARN_ENUM_CONVERSION = YES;
				CLANG_WARN_INFINITE_RECURSION = YES;
				CLANG_WARN_INT_CONVERSION = YES;
				CLANG_WARN_NON_LITERAL_NULL_CONVERSION = YES;
				CLANG_WARN_OBJC_IMPLICIT_RETAIN_SELF = YES;
				CLANG_WARN_OBJC_LITERAL_CONVERSION = YES;
				CLANG_WARN_OBJC_ROOT_CLASS = YES_ERROR;
				CLANG_WARN_QUOTED_INCLUDE_IN_FRAMEWORK_HEADER = YES;
				CLANG_WARN_RANGE_LOOP_ANALYSIS = YES;
				CLANG_WARN_STRICT_PROTOTYPES = YES;
				CLANG_WARN_SUSPICIOUS_MOVE = YES;
				CLANG_WARN_UNGUARDED_AVAILABILITY = YES_AGGRESSIVE;
				CLANG_WARN_UNREACHABLE_CODE = YES;
				CLANG_WARN__DUPLICATE_METHOD_MATCH = YES;
				COPY_PHASE_STRIP = NO;
				DEBUG_INFORMATION_FORMAT = dwarf;
				ENABLE_STRICT_OBJC_MSGSEND = YES;
				ENABLE_TESTABILITY = YES;
				GCC_C_LANGUAGE_STANDARD = gnu11;
				GCC_DYNAMIC_NO_PIC = NO;
				GCC_NO_COMMON_BLOCKS = YES;
				GCC_OPTIMIZATION_LEVEL = 0;
				GCC_PREPROCESSOR_DEFINITIONS = (
					"DEBUG=1",
					"$(inherited)",
				);
				GCC_WARN_64_TO_32_BIT_CONVERSION = YES;
				GCC_WARN_ABOUT_RETURN_TYPE = YES_ERROR;
				GCC_WARN_UNDECLARED_SELECTOR = YES;
				GCC_WARN_UNINITIALIZED_AUTOS = YES_AGGRESSIVE;
				GCC_WARN_UNUSED_FUNCTION = YES;
				GCC_WARN_UNUSED_VARIABLE = YES;
				IPHONEOS_DEPLOYMENT_TARGET = 14.4;
				MTL_ENABLE_DEBUG_INFO = INCLUDE_SOURCE;
				MTL_FAST_MATH = YES;
				ONLY_ACTIVE_ARCH = YES;
				SDKROOT = iphoneos;
				SWIFT_ACTIVE_COMPILATION_CONDITIONS = DEBUG;
				SWIFT_OPTIMIZATION_LEVEL = "-Onone";
			};
			name = Debug;
		};
		11BA6C7325DEE6AB000E0580 /* Release */ = {
			isa = XCBuildConfiguration;
			buildSettings = {
				ALWAYS_SEARCH_USER_PATHS = NO;
				CLANG_ANALYZER_NONNULL = YES;
				CLANG_ANALYZER_NUMBER_OBJECT_CONVERSION = YES_AGGRESSIVE;
				CLANG_CXX_LANGUAGE_STANDARD = "gnu++14";
				CLANG_CXX_LIBRARY = "libc++";
				CLANG_ENABLE_MODULES = YES;
				CLANG_ENABLE_OBJC_ARC = YES;
				CLANG_ENABLE_OBJC_WEAK = YES;
				CLANG_WARN_BLOCK_CAPTURE_AUTORELEASING = YES;
				CLANG_WARN_BOOL_CONVERSION = YES;
				CLANG_WARN_COMMA = YES;
				CLANG_WARN_CONSTANT_CONVERSION = YES;
				CLANG_WARN_DEPRECATED_OBJC_IMPLEMENTATIONS = YES;
				CLANG_WARN_DIRECT_OBJC_ISA_USAGE = YES_ERROR;
				CLANG_WARN_DOCUMENTATION_COMMENTS = YES;
				CLANG_WARN_EMPTY_BODY = YES;
				CLANG_WARN_ENUM_CONVERSION = YES;
				CLANG_WARN_INFINITE_RECURSION = YES;
				CLANG_WARN_INT_CONVERSION = YES;
				CLANG_WARN_NON_LITERAL_NULL_CONVERSION = YES;
				CLANG_WARN_OBJC_IMPLICIT_RETAIN_SELF = YES;
				CLANG_WARN_OBJC_LITERAL_CONVERSION = YES;
				CLANG_WARN_OBJC_ROOT_CLASS = YES_ERROR;
				CLANG_WARN_QUOTED_INCLUDE_IN_FRAMEWORK_HEADER = YES;
				CLANG_WARN_RANGE_LOOP_ANALYSIS = YES;
				CLANG_WARN_STRICT_PROTOTYPES = YES;
				CLANG_WARN_SUSPICIOUS_MOVE = YES;
				CLANG_WARN_UNGUARDED_AVAILABILITY = YES_AGGRESSIVE;
				CLANG_WARN_UNREACHABLE_CODE = YES;
				CLANG_WARN__DUPLICATE_METHOD_MATCH = YES;
				COPY_PHASE_STRIP = NO;
				DEBUG_INFORMATION_FORMAT = "dwarf-with-dsym";
				ENABLE_NS_ASSERTIONS = NO;
				ENABLE_STRICT_OBJC_MSGSEND = YES;
				GCC_C_LANGUAGE_STANDARD = gnu11;
				GCC_NO_COMMON_BLOCKS = YES;
				GCC_WARN_64_TO_32_BIT_CONVERSION = YES;
				GCC_WARN_ABOUT_RETURN_TYPE = YES_ERROR;
				GCC_WARN_UNDECLARED_SELECTOR = YES;
				GCC_WARN_UNINITIALIZED_AUTOS = YES_AGGRESSIVE;
				GCC_WARN_UNUSED_FUNCTION = YES;
				GCC_WARN_UNUSED_VARIABLE = YES;
				IPHONEOS_DEPLOYMENT_TARGET = 14.4;
				MTL_ENABLE_DEBUG_INFO = NO;
				MTL_FAST_MATH = YES;
				SDKROOT = iphoneos;
				SWIFT_COMPILATION_MODE = wholemodule;
				SWIFT_OPTIMIZATION_LEVEL = "-O";
				VALIDATE_PRODUCT = YES;
			};
			name = Release;
		};
		11BA6C7525DEE6AB000E0580 /* Debug */ = {
			isa = XCBuildConfiguration;
			buildSettings = {
				ASSETCATALOG_COMPILER_APPICON_NAME = AppIcon;
				ASSETCATALOG_COMPILER_GLOBAL_ACCENT_COLOR_NAME = AccentColor;
				CODE_SIGN_STYLE = Automatic;
				DEVELOPMENT_ASSET_PATHS = "\"Racketa_SwiftUI/Preview Content\"";
				DEVELOPMENT_TEAM = 97H3L3NWGN;
				ENABLE_PREVIEWS = YES;
				INFOPLIST_FILE = Racketa_SwiftUI/Info.plist;
				IPHONEOS_DEPLOYMENT_TARGET = 14.0;
				LD_RUNPATH_SEARCH_PATHS = (
					"$(inherited)",
					"@executable_path/Frameworks",
				);
				PRODUCT_BUNDLE_IDENTIFIER = "-145tttSaOg.Racketa-SwiftUI";
				PRODUCT_NAME = "$(TARGET_NAME)";
				SWIFT_VERSION = 5.0;
				TARGETED_DEVICE_FAMILY = "1,2";
			};
			name = Debug;
		};
		11BA6C7625DEE6AB000E0580 /* Release */ = {
			isa = XCBuildConfiguration;
			buildSettings = {
				ASSETCATALOG_COMPILER_APPICON_NAME = AppIcon;
				ASSETCATALOG_COMPILER_GLOBAL_ACCENT_COLOR_NAME = AccentColor;
				CODE_SIGN_STYLE = Automatic;
				DEVELOPMENT_ASSET_PATHS = "\"Racketa_SwiftUI/Preview Content\"";
				DEVELOPMENT_TEAM = 97H3L3NWGN;
				ENABLE_PREVIEWS = YES;
				INFOPLIST_FILE = Racketa_SwiftUI/Info.plist;
				IPHONEOS_DEPLOYMENT_TARGET = 14.0;
				LD_RUNPATH_SEARCH_PATHS = (
					"$(inherited)",
					"@executable_path/Frameworks",
				);
				PRODUCT_BUNDLE_IDENTIFIER = "-145tttSaOg.Racketa-SwiftUI";
				PRODUCT_NAME = "$(TARGET_NAME)";
				SWIFT_VERSION = 5.0;
				TARGETED_DEVICE_FAMILY = "1,2";
			};
			name = Release;
		};
/* End XCBuildConfiguration section */

/* Begin XCConfigurationList section */
		11BA6C6025DEE6A8000E0580 /* Build configuration list for PBXProject "Racketa_SwiftUI" */ = {
			isa = XCConfigurationList;
			buildConfigurations = (
				11BA6C7225DEE6AB000E0580 /* Debug */,
				11BA6C7325DEE6AB000E0580 /* Release */,
			);
			defaultConfigurationIsVisible = 0;
			defaultConfigurationName = Release;
		};
		11BA6C7425DEE6AB000E0580 /* Build configuration list for PBXNativeTarget "Racketa_SwiftUI" */ = {
			isa = XCConfigurationList;
			buildConfigurations = (
				11BA6C7525DEE6AB000E0580 /* Debug */,
				11BA6C7625DEE6AB000E0580 /* Release */,
			);
			defaultConfigurationIsVisible = 0;
			defaultConfigurationName = Release;
		};
/* End XCConfigurationList section */
	};
	rootObject = 11BA6C5D25DEE6A8000E0580 /* Project object */;
}
