// !$*UTF8*$!
{
	archiveVersion = 1;
	classes = {
	};
	objectVersion = 50;
	objects = {

/* Begin PBXBuildFile section */
		1113720B2601400000FE9AAA /* FeedInterestingView.swift in Sources */ = {isa = PBXBuildFile; fileRef = 1113720A2601400000FE9AAA /* FeedInterestingView.swift */; };
		1113720F260145E200FE9AAA /* ProjectViewInteresting.swift in Sources */ = {isa = PBXBuildFile; fileRef = 1113720E260145E200FE9AAA /* ProjectViewInteresting.swift */; };
		112CFA292610EE8D005EA034 /* ProjectViewMain.swift in Sources */ = {isa = PBXBuildFile; fileRef = 112CFA282610EE8D005EA034 /* ProjectViewMain.swift */; };
		113497F4261D9B11007AAE96 /* TestSystem.swift in Sources */ = {isa = PBXBuildFile; fileRef = 113497F3261D9B11007AAE96 /* TestSystem.swift */; };
		113497FB261DA853007AAE96 /* FeedSubscribeView.swift in Sources */ = {isa = PBXBuildFile; fileRef = 113497FA261DA853007AAE96 /* FeedSubscribeView.swift */; };
		11349802261DA982007AAE96 /* ProjectInterestingManager.swift in Sources */ = {isa = PBXBuildFile; fileRef = 11349801261DA982007AAE96 /* ProjectInterestingManager.swift */; };
		11349805261DAA6F007AAE96 /* FeedViewNew.swift in Sources */ = {isa = PBXBuildFile; fileRef = 11349804261DAA6F007AAE96 /* FeedViewNew.swift */; };
		1134980A2620C8A0007AAE96 /* News.swift in Sources */ = {isa = PBXBuildFile; fileRef = 113498092620C8A0007AAE96 /* News.swift */; };
		1134980D2620C91D007AAE96 /* MainTextInfo.swift in Sources */ = {isa = PBXBuildFile; fileRef = 1134980C2620C91D007AAE96 /* MainTextInfo.swift */; };
		113BC12325EFBD980076AEDC /* MyProjectFeedView.swift in Sources */ = {isa = PBXBuildFile; fileRef = 113BC12225EFBD980076AEDC /* MyProjectFeedView.swift */; };
		113BC12A25EFBEE60076AEDC /* MyProjectFeedManager.swift in Sources */ = {isa = PBXBuildFile; fileRef = 113BC12925EFBEE60076AEDC /* MyProjectFeedManager.swift */; };
		113BC12D25EFF2950076AEDC /* Person.swift in Sources */ = {isa = PBXBuildFile; fileRef = 113BC12C25EFF2950076AEDC /* Person.swift */; };
		113BC13025EFF3F90076AEDC /* DetailView.swift in Sources */ = {isa = PBXBuildFile; fileRef = 113BC12F25EFF3F90076AEDC /* DetailView.swift */; };
		113BC13325EFFBFB0076AEDC /* CalendarView.swift in Sources */ = {isa = PBXBuildFile; fileRef = 113BC13225EFFBFB0076AEDC /* CalendarView.swift */; };
		113BC13725F0137D0076AEDC /* ToDoView.swift in Sources */ = {isa = PBXBuildFile; fileRef = 113BC13625F0137D0076AEDC /* ToDoView.swift */; };
		113BC13A25F015B30076AEDC /* Event.swift in Sources */ = {isa = PBXBuildFile; fileRef = 113BC13925F015B30076AEDC /* Event.swift */; };
		11A6EF4D25F8106B001075D4 /* TeemView.swift in Sources */ = {isa = PBXBuildFile; fileRef = 11A6EF4C25F8106B001075D4 /* TeemView.swift */; };
		11BA6C6B25DEE6A8000E0580 /* AuthorizationView.swift in Sources */ = {isa = PBXBuildFile; fileRef = 11BA6C6A25DEE6A8000E0580 /* AuthorizationView.swift */; };
		11BA6C6D25DEE6AB000E0580 /* Assets.xcassets in Resources */ = {isa = PBXBuildFile; fileRef = 11BA6C6C25DEE6AB000E0580 /* Assets.xcassets */; };
		11BA6C7025DEE6AB000E0580 /* Preview Assets.xcassets in Resources */ = {isa = PBXBuildFile; fileRef = 11BA6C6F25DEE6AB000E0580 /* Preview Assets.xcassets */; };
		11BA6C7925DEF84A000E0580 /* EditableText.swift in Sources */ = {isa = PBXBuildFile; fileRef = 11BA6C7825DEF84A000E0580 /* EditableText.swift */; };
		11BA6C7E25DF1337000E0580 /* CodeView.swift in Sources */ = {isa = PBXBuildFile; fileRef = 11BA6C7D25DF1337000E0580 /* CodeView.swift */; };
		11C7C84425E0641B006EEADC /* TextBindingManager.swift in Sources */ = {isa = PBXBuildFile; fileRef = 11C7C84325E0641B006EEADC /* TextBindingManager.swift */; };
		11C7C84825E064A2006EEADC /* Extension.swift in Sources */ = {isa = PBXBuildFile; fileRef = 11C7C84725E064A2006EEADC /* Extension.swift */; };
		11C7C87725E065EB006EEADC /* Racketa_SwiftUIApp.swift in Sources */ = {isa = PBXBuildFile; fileRef = 11C7C87625E065EB006EEADC /* Racketa_SwiftUIApp.swift */; };
		11C7C87E25E3D869006EEADC /* FeedView.swift in Sources */ = {isa = PBXBuildFile; fileRef = 11C7C87D25E3D869006EEADC /* FeedView.swift */; };
		11C7C88225E3D87B006EEADC /* MainView.swift in Sources */ = {isa = PBXBuildFile; fileRef = 11C7C88125E3D87B006EEADC /* MainView.swift */; };
		11C7C88625E3E7B2006EEADC /* CustomTabBar.swift in Sources */ = {isa = PBXBuildFile; fileRef = 11C7C88525E3E7B2006EEADC /* CustomTabBar.swift */; };
		11C7C88B25E42DA8006EEADC /* ProjectViewSubscribe.swift in Sources */ = {isa = PBXBuildFile; fileRef = 11C7C88A25E42DA8006EEADC /* ProjectViewSubscribe.swift */; };
		11C7C89025E4332C006EEADC /* RoundedHalfRectangle.swift in Sources */ = {isa = PBXBuildFile; fileRef = 11C7C88F25E4332C006EEADC /* RoundedHalfRectangle.swift */; };
		11C7C89525E43725006EEADC /* Project.swift in Sources */ = {isa = PBXBuildFile; fileRef = 11C7C89425E43725006EEADC /* Project.swift */; };
		11C7C89A25E6C0E6006EEADC /* ProjectSubscribeManager.swift in Sources */ = {isa = PBXBuildFile; fileRef = 11C7C89925E6C0E6006EEADC /* ProjectSubscribeManager.swift */; };
		11C7C89D25E6C1EF006EEADC /* ProjectManager.swift in Sources */ = {isa = PBXBuildFile; fileRef = 11C7C89C25E6C1EF006EEADC /* ProjectManager.swift */; };
		11C7C8AA25E81AE0006EEADC /* ProximaNova-Semibold.ttf in Resources */ = {isa = PBXBuildFile; fileRef = 11C7C8A825E8162D006EEADC /* ProximaNova-Semibold.ttf */; };
		11C7C8AC25E81AE5006EEADC /* ProximaNova-Bold.ttf in Resources */ = {isa = PBXBuildFile; fileRef = 11C7C8A425E815FB006EEADC /* ProximaNova-Bold.ttf */; };
		11C7C8AE25E81AFD006EEADC /* ProximaNova-Light.ttf in Resources */ = {isa = PBXBuildFile; fileRef = 11C7C8A625E8160E006EEADC /* ProximaNova-Light.ttf */; };
		11C7C8B025E81B00006EEADC /* ProximaNova-Regular.ttf in Resources */ = {isa = PBXBuildFile; fileRef = 11C7C8A725E81626006EEADC /* ProximaNova-Regular.ttf */; };
		11C7C8B225E81B04006EEADC /* ProximaNova-Black.ttf in Resources */ = {isa = PBXBuildFile; fileRef = 11C7C8A325E815F3006EEADC /* ProximaNova-Black.ttf */; };
		11C7C8B525E823C0006EEADC /* ProximaNova-Extrabld.ttf in Resources */ = {isa = PBXBuildFile; fileRef = 11C7C8B425E823C0006EEADC /* ProximaNova-Extrabld.ttf */; };
/* End PBXBuildFile section */

/* Begin PBXFileReference section */
		1113720A2601400000FE9AAA /* FeedInterestingView.swift */ = {isa = PBXFileReference; lastKnownFileType = sourcecode.swift; path = FeedInterestingView.swift; sourceTree = "<group>"; };
		1113720E260145E200FE9AAA /* ProjectViewInteresting.swift */ = {isa = PBXFileReference; lastKnownFileType = sourcecode.swift; path = ProjectViewInteresting.swift; sourceTree = "<group>"; };
		112CFA282610EE8D005EA034 /* ProjectViewMain.swift */ = {isa = PBXFileReference; lastKnownFileType = sourcecode.swift; path = ProjectViewMain.swift; sourceTree = "<group>"; };
		113497F3261D9B11007AAE96 /* TestSystem.swift */ = {isa = PBXFileReference; lastKnownFileType = sourcecode.swift; path = TestSystem.swift; sourceTree = "<group>"; };
		113497FA261DA853007AAE96 /* FeedSubscribeView.swift */ = {isa = PBXFileReference; lastKnownFileType = sourcecode.swift; path = FeedSubscribeView.swift; sourceTree = "<group>"; };
		11349801261DA982007AAE96 /* ProjectInterestingManager.swift */ = {isa = PBXFileReference; lastKnownFileType = sourcecode.swift; path = ProjectInterestingManager.swift; sourceTree = "<group>"; };
		11349804261DAA6F007AAE96 /* FeedViewNew.swift */ = {isa = PBXFileReference; lastKnownFileType = sourcecode.swift; path = FeedViewNew.swift; sourceTree = "<group>"; };
		113498092620C8A0007AAE96 /* News.swift */ = {isa = PBXFileReference; lastKnownFileType = sourcecode.swift; path = News.swift; sourceTree = "<group>"; };
		1134980C2620C91D007AAE96 /* MainTextInfo.swift */ = {isa = PBXFileReference; lastKnownFileType = sourcecode.swift; path = MainTextInfo.swift; sourceTree = "<group>"; };
		113BC12225EFBD980076AEDC /* MyProjectFeedView.swift */ = {isa = PBXFileReference; lastKnownFileType = sourcecode.swift; path = MyProjectFeedView.swift; sourceTree = "<group>"; };
		113BC12925EFBEE60076AEDC /* MyProjectFeedManager.swift */ = {isa = PBXFileReference; lastKnownFileType = sourcecode.swift; path = MyProjectFeedManager.swift; sourceTree = "<group>"; };
		113BC12C25EFF2950076AEDC /* Person.swift */ = {isa = PBXFileReference; lastKnownFileType = sourcecode.swift; path = Person.swift; sourceTree = "<group>"; };
		113BC12F25EFF3F90076AEDC /* DetailView.swift */ = {isa = PBXFileReference; lastKnownFileType = sourcecode.swift; path = DetailView.swift; sourceTree = "<group>"; };
		113BC13225EFFBFB0076AEDC /* CalendarView.swift */ = {isa = PBXFileReference; lastKnownFileType = sourcecode.swift; path = CalendarView.swift; sourceTree = "<group>"; };
		113BC13625F0137D0076AEDC /* ToDoView.swift */ = {isa = PBXFileReference; lastKnownFileType = sourcecode.swift; path = ToDoView.swift; sourceTree = "<group>"; };
		113BC13925F015B30076AEDC /* Event.swift */ = {isa = PBXFileReference; lastKnownFileType = sourcecode.swift; path = Event.swift; sourceTree = "<group>"; };
		11A6EF4C25F8106B001075D4 /* TeemView.swift */ = {isa = PBXFileReference; lastKnownFileType = sourcecode.swift; path = TeemView.swift; sourceTree = "<group>"; };
		11BA6C6525DEE6A8000E0580 /* Racketa_SwiftUI.app */ = {isa = PBXFileReference; explicitFileType = wrapper.application; includeInIndex = 0; path = Racketa_SwiftUI.app; sourceTree = BUILT_PRODUCTS_DIR; };
		11BA6C6A25DEE6A8000E0580 /* AuthorizationView.swift */ = {isa = PBXFileReference; lastKnownFileType = sourcecode.swift; path = AuthorizationView.swift; sourceTree = "<group>"; };
		11BA6C6C25DEE6AB000E0580 /* Assets.xcassets */ = {isa = PBXFileReference; lastKnownFileType = folder.assetcatalog; path = Assets.xcassets; sourceTree = "<group>"; };
		11BA6C6F25DEE6AB000E0580 /* Preview Assets.xcassets */ = {isa = PBXFileReference; lastKnownFileType = folder.assetcatalog; path = "Preview Assets.xcassets"; sourceTree = "<group>"; };
		11BA6C7125DEE6AB000E0580 /* Info.plist */ = {isa = PBXFileReference; lastKnownFileType = text.plist.xml; path = Info.plist; sourceTree = "<group>"; };
		11BA6C7825DEF84A000E0580 /* EditableText.swift */ = {isa = PBXFileReference; lastKnownFileType = sourcecode.swift; path = EditableText.swift; sourceTree = "<group>"; };
		11BA6C7D25DF1337000E0580 /* CodeView.swift */ = {isa = PBXFileReference; lastKnownFileType = sourcecode.swift; path = CodeView.swift; sourceTree = "<group>"; };
		11C7C84325E0641B006EEADC /* TextBindingManager.swift */ = {isa = PBXFileReference; lastKnownFileType = sourcecode.swift; path = TextBindingManager.swift; sourceTree = "<group>"; };
		11C7C84725E064A2006EEADC /* Extension.swift */ = {isa = PBXFileReference; lastKnownFileType = sourcecode.swift; path = Extension.swift; sourceTree = "<group>"; };
		11C7C87625E065EB006EEADC /* Racketa_SwiftUIApp.swift */ = {isa = PBXFileReference; fileEncoding = 4; lastKnownFileType = sourcecode.swift; path = Racketa_SwiftUIApp.swift; sourceTree = "<group>"; };
		11C7C87D25E3D869006EEADC /* FeedView.swift */ = {isa = PBXFileReference; lastKnownFileType = sourcecode.swift; path = FeedView.swift; sourceTree = "<group>"; };
		11C7C88125E3D87B006EEADC /* MainView.swift */ = {isa = PBXFileReference; lastKnownFileType = sourcecode.swift; path = MainView.swift; sourceTree = "<group>"; };
		11C7C88525E3E7B2006EEADC /* CustomTabBar.swift */ = {isa = PBXFileReference; lastKnownFileType = sourcecode.swift; path = CustomTabBar.swift; sourceTree = "<group>"; };
		11C7C88A25E42DA8006EEADC /* ProjectViewSubscribe.swift */ = {isa = PBXFileReference; lastKnownFileType = sourcecode.swift; path = ProjectViewSubscribe.swift; sourceTree = "<group>"; };
		11C7C88F25E4332C006EEADC /* RoundedHalfRectangle.swift */ = {isa = PBXFileReference; lastKnownFileType = sourcecode.swift; path = RoundedHalfRectangle.swift; sourceTree = "<group>"; };
		11C7C89425E43725006EEADC /* Project.swift */ = {isa = PBXFileReference; lastKnownFileType = sourcecode.swift; path = Project.swift; sourceTree = "<group>"; };
		11C7C89925E6C0E6006EEADC /* ProjectSubscribeManager.swift */ = {isa = PBXFileReference; lastKnownFileType = sourcecode.swift; path = ProjectSubscribeManager.swift; sourceTree = "<group>"; };
		11C7C89C25E6C1EF006EEADC /* ProjectManager.swift */ = {isa = PBXFileReference; lastKnownFileType = sourcecode.swift; path = ProjectManager.swift; sourceTree = "<group>"; };
		11C7C8A325E815F3006EEADC /* ProximaNova-Black.ttf */ = {isa = PBXFileReference; lastKnownFileType = file; path = "ProximaNova-Black.ttf"; sourceTree = "<group>"; };
		11C7C8A425E815FB006EEADC /* ProximaNova-Bold.ttf */ = {isa = PBXFileReference; lastKnownFileType = file; path = "ProximaNova-Bold.ttf"; sourceTree = "<group>"; };
		11C7C8A625E8160E006EEADC /* ProximaNova-Light.ttf */ = {isa = PBXFileReference; lastKnownFileType = file; path = "ProximaNova-Light.ttf"; sourceTree = "<group>"; };
		11C7C8A725E81626006EEADC /* ProximaNova-Regular.ttf */ = {isa = PBXFileReference; lastKnownFileType = file; path = "ProximaNova-Regular.ttf"; sourceTree = "<group>"; };
		11C7C8A825E8162D006EEADC /* ProximaNova-Semibold.ttf */ = {isa = PBXFileReference; lastKnownFileType = file; path = "ProximaNova-Semibold.ttf"; sourceTree = "<group>"; };
		11C7C8B425E823C0006EEADC /* ProximaNova-Extrabld.ttf */ = {isa = PBXFileReference; lastKnownFileType = file; path = "ProximaNova-Extrabld.ttf"; sourceTree = "<group>"; };
/* End PBXFileReference section */

/* Begin PBXFrameworksBuildPhase section */
		11BA6C6225DEE6A8000E0580 /* Frameworks */ = {
			isa = PBXFrameworksBuildPhase;
			buildActionMask = 2147483647;
			files = (
			);
			runOnlyForDeploymentPostprocessing = 0;
		};
/* End PBXFrameworksBuildPhase section */

/* Begin PBXGroup section */
		1113720726013F5E00FE9AAA /* old */ = {
			isa = PBXGroup;
			children = (
				11C7C87C25E3D800006EEADC /* Feed */,
				113BC12125EFBD420076AEDC /* myProjectFeed */,
			);
			path = old;
			sourceTree = "<group>";
		};
		1113720926013FC300FE9AAA /* FeedInteresting */ = {
			isa = PBXGroup;
			children = (
				1113720A2601400000FE9AAA /* FeedInterestingView.swift */,
				11349801261DA982007AAE96 /* ProjectInterestingManager.swift */,
				112CFA282610EE8D005EA034 /* ProjectViewMain.swift */,
			);
			path = FeedInteresting;
			sourceTree = "<group>";
		};
		113497FE261DA8E3007AAE96 /* FeedSubscribe */ = {
			isa = PBXGroup;
			children = (
				113497FA261DA853007AAE96 /* FeedSubscribeView.swift */,
				11C7C89925E6C0E6006EEADC /* ProjectSubscribeManager.swift */,
			);
			path = FeedSubscribe;
			sourceTree = "<group>";
		};
		11349807261DAA75007AAE96 /* Feed */ = {
			isa = PBXGroup;
			children = (
				11349804261DAA6F007AAE96 /* FeedViewNew.swift */,
				1113720926013FC300FE9AAA /* FeedInteresting */,
				113497FE261DA8E3007AAE96 /* FeedSubscribe */,
			);
			path = Feed;
			sourceTree = "<group>";
		};
		113BC12125EFBD420076AEDC /* myProjectFeed */ = {
			isa = PBXGroup;
			children = (
				113BC12225EFBD980076AEDC /* MyProjectFeedView.swift */,
				113BC12925EFBEE60076AEDC /* MyProjectFeedManager.swift */,
				113BC12F25EFF3F90076AEDC /* DetailView.swift */,
				113BC13625F0137D0076AEDC /* ToDoView.swift */,
				11A6EF4C25F8106B001075D4 /* TeemView.swift */,
			);
			path = myProjectFeed;
			sourceTree = "<group>";
		};
		113BC12625EFBDA60076AEDC /* ViewModel */ = {
			isa = PBXGroup;
			children = (
				1113720E260145E200FE9AAA /* ProjectViewInteresting.swift */,
				11C7C88A25E42DA8006EEADC /* ProjectViewSubscribe.swift */,
				113BC13225EFFBFB0076AEDC /* CalendarView.swift */,
				11C7C88D25E43305006EEADC /* Shapes */,
			);
			path = ViewModel;
			sourceTree = "<group>";
		};
		11BA6C5C25DEE6A8000E0580 = {
			isa = PBXGroup;
			children = (
				11BA6C6725DEE6A8000E0580 /* Racketa_SwiftUI */,
				11BA6C6625DEE6A8000E0580 /* Products */,
			);
			sourceTree = "<group>";
		};
		11BA6C6625DEE6A8000E0580 /* Products */ = {
			isa = PBXGroup;
			children = (
				11BA6C6525DEE6A8000E0580 /* Racketa_SwiftUI.app */,
			);
			name = Products;
			sourceTree = "<group>";
		};
		11BA6C6725DEE6A8000E0580 /* Racketa_SwiftUI */ = {
			isa = PBXGroup;
			children = (
				11C7C87625E065EB006EEADC /* Racketa_SwiftUIApp.swift */,
				11C7C88125E3D87B006EEADC /* MainView.swift */,
				11349807261DAA75007AAE96 /* Feed */,
				11C7C87A25E3D7AE006EEADC /* Authorization */,
				11C7C88525E3E7B2006EEADC /* CustomTabBar.swift */,
				11C7C84325E0641B006EEADC /* TextBindingManager.swift */,
				113BC12625EFBDA60076AEDC /* ViewModel */,
				11C7C89325E4370C006EEADC /* Model */,
				11C7C84725E064A2006EEADC /* Extension.swift */,
				1113720726013F5E00FE9AAA /* old */,
				11BA6C6C25DEE6AB000E0580 /* Assets.xcassets */,
				11BA6C7125DEE6AB000E0580 /* Info.plist */,
				11C7C8A225E815B8006EEADC /* fonts */,
				11BA6C6E25DEE6AB000E0580 /* Preview Content */,
			);
			path = Racketa_SwiftUI;
			sourceTree = "<group>";
		};
		11BA6C6E25DEE6AB000E0580 /* Preview Content */ = {
			isa = PBXGroup;
			children = (
				11BA6C6F25DEE6AB000E0580 /* Preview Assets.xcassets */,
			);
			path = "Preview Content";
			sourceTree = "<group>";
		};
		11C7C87A25E3D7AE006EEADC /* Authorization */ = {
			isa = PBXGroup;
			children = (
				11BA6C6A25DEE6A8000E0580 /* AuthorizationView.swift */,
				11BA6C7D25DF1337000E0580 /* CodeView.swift */,
				11BA6C7825DEF84A000E0580 /* EditableText.swift */,
			);
			path = Authorization;
			sourceTree = "<group>";
		};
		11C7C87C25E3D800006EEADC /* Feed */ = {
			isa = PBXGroup;
			children = (
				11C7C87D25E3D869006EEADC /* FeedView.swift */,
			);
			path = Feed;
			sourceTree = "<group>";
		};
		11C7C88D25E43305006EEADC /* Shapes */ = {
			isa = PBXGroup;
			children = (
				11C7C88F25E4332C006EEADC /* RoundedHalfRectangle.swift */,
			);
			path = Shapes;
			sourceTree = "<group>";
		};
		11C7C89325E4370C006EEADC /* Model */ = {
			isa = PBXGroup;
			children = (
				113497F3261D9B11007AAE96 /* TestSystem.swift */,
				11C7C89C25E6C1EF006EEADC /* ProjectManager.swift */,
				11C7C89425E43725006EEADC /* Project.swift */,
				113BC12C25EFF2950076AEDC /* Person.swift */,
				113BC13925F015B30076AEDC /* Event.swift */,
				113498092620C8A0007AAE96 /* News.swift */,
				1134980C2620C91D007AAE96 /* MainTextInfo.swift */,
			);
			path = Model;
			sourceTree = "<group>";
		};
		11C7C8A225E815B8006EEADC /* fonts */ = {
			isa = PBXGroup;
			children = (
				11C7C8B425E823C0006EEADC /* ProximaNova-Extrabld.ttf */,
				11C7C8A825E8162D006EEADC /* ProximaNova-Semibold.ttf */,
				11C7C8A725E81626006EEADC /* ProximaNova-Regular.ttf */,
				11C7C8A625E8160E006EEADC /* ProximaNova-Light.ttf */,
				11C7C8A425E815FB006EEADC /* ProximaNova-Bold.ttf */,
				11C7C8A325E815F3006EEADC /* ProximaNova-Black.ttf */,
			);
			path = fonts;
			sourceTree = "<group>";
		};
/* End PBXGroup section */

/* Begin PBXNativeTarget section */
		11BA6C6425DEE6A8000E0580 /* Racketa_SwiftUI */ = {
			isa = PBXNativeTarget;
			buildConfigurationList = 11BA6C7425DEE6AB000E0580 /* Build configuration list for PBXNativeTarget "Racketa_SwiftUI" */;
			buildPhases = (
				11BA6C6125DEE6A8000E0580 /* Sources */,
				11BA6C6225DEE6A8000E0580 /* Frameworks */,
				11BA6C6325DEE6A8000E0580 /* Resources */,
			);
			buildRules = (
			);
			dependencies = (
			);
			name = Racketa_SwiftUI;
			productName = Racketa_SwiftUI;
			productReference = 11BA6C6525DEE6A8000E0580 /* Racketa_SwiftUI.app */;
			productType = "com.apple.product-type.application";
		};
/* End PBXNativeTarget section */

/* Begin PBXProject section */
		11BA6C5D25DEE6A8000E0580 /* Project object */ = {
			isa = PBXProject;
			attributes = {
				LastSwiftUpdateCheck = 1240;
				LastUpgradeCheck = 1240;
				TargetAttributes = {
					11BA6C6425DEE6A8000E0580 = {
						CreatedOnToolsVersion = 12.4;
					};
				};
			};
			buildConfigurationList = 11BA6C6025DEE6A8000E0580 /* Build configuration list for PBXProject "Racketa_SwiftUI" */;
			compatibilityVersion = "Xcode 9.3";
			developmentRegion = en;
			hasScannedForEncodings = 0;
			knownRegions = (
				en,
				Base,
			);
			mainGroup = 11BA6C5C25DEE6A8000E0580;
			productRefGroup = 11BA6C6625DEE6A8000E0580 /* Products */;
			projectDirPath = "";
			projectRoot = "";
			targets = (
				11BA6C6425DEE6A8000E0580 /* Racketa_SwiftUI */,
			);
		};
/* End PBXProject section */

/* Begin PBXResourcesBuildPhase section */
		11BA6C6325DEE6A8000E0580 /* Resources */ = {
			isa = PBXResourcesBuildPhase;
			buildActionMask = 2147483647;
			files = (
				11C7C8AE25E81AFD006EEADC /* ProximaNova-Light.ttf in Resources */,
				11BA6C7025DEE6AB000E0580 /* Preview Assets.xcassets in Resources */,
				11C7C8B025E81B00006EEADC /* ProximaNova-Regular.ttf in Resources */,
				11C7C8B525E823C0006EEADC /* ProximaNova-Extrabld.ttf in Resources */,
				11C7C8B225E81B04006EEADC /* ProximaNova-Black.ttf in Resources */,
				11BA6C6D25DEE6AB000E0580 /* Assets.xcassets in Resources */,
				11C7C8AC25E81AE5006EEADC /* ProximaNova-Bold.ttf in Resources */,
				11C7C8AA25E81AE0006EEADC /* ProximaNova-Semibold.ttf in Resources */,
			);
			runOnlyForDeploymentPostprocessing = 0;
		};
/* End PBXResourcesBuildPhase section */

/* Begin PBXSourcesBuildPhase section */
		11BA6C6125DEE6A8000E0580 /* Sources */ = {
			isa = PBXSourcesBuildPhase;
			buildActionMask = 2147483647;
			files = (
				11C7C87E25E3D869006EEADC /* FeedView.swift in Sources */,
				113BC13025EFF3F90076AEDC /* DetailView.swift in Sources */,
				1134980D2620C91D007AAE96 /* MainTextInfo.swift in Sources */,
				113BC12A25EFBEE60076AEDC /* MyProjectFeedManager.swift in Sources */,
				11C7C88225E3D87B006EEADC /* MainView.swift in Sources */,
				11349805261DAA6F007AAE96 /* FeedViewNew.swift in Sources */,
				11C7C88B25E42DA8006EEADC /* ProjectViewSubscribe.swift in Sources */,
				11C7C84825E064A2006EEADC /* Extension.swift in Sources */,
				11C7C89A25E6C0E6006EEADC /* ProjectSubscribeManager.swift in Sources */,
				11C7C89D25E6C1EF006EEADC /* ProjectManager.swift in Sources */,
				1113720B2601400000FE9AAA /* FeedInterestingView.swift in Sources */,
				11BA6C6B25DEE6A8000E0580 /* AuthorizationView.swift in Sources */,
				11C7C88625E3E7B2006EEADC /* CustomTabBar.swift in Sources */,
				1113720F260145E200FE9AAA /* ProjectViewInteresting.swift in Sources */,
				11BA6C7925DEF84A000E0580 /* EditableText.swift in Sources */,
				113497FB261DA853007AAE96 /* FeedSubscribeView.swift in Sources */,
				11C7C87725E065EB006EEADC /* Racketa_SwiftUIApp.swift in Sources */,
				113BC13325EFFBFB0076AEDC /* CalendarView.swift in Sources */,
				11349802261DA982007AAE96 /* ProjectInterestingManager.swift in Sources */,
				1134980A2620C8A0007AAE96 /* News.swift in Sources */,
				11C7C84425E0641B006EEADC /* TextBindingManager.swift in Sources */,
				113BC13725F0137D0076AEDC /* ToDoView.swift in Sources */,
				11BA6C7E25DF1337000E0580 /* CodeView.swift in Sources */,
				11C7C89025E4332C006EEADC /* RoundedHalfRectangle.swift in Sources */,
				11A6EF4D25F8106B001075D4 /* TeemView.swift in Sources */,
				113BC12D25EFF2950076AEDC /* Person.swift in Sources */,
				11C7C89525E43725006EEADC /* Project.swift in Sources */,
				113BC13A25F015B30076AEDC /* Event.swift in Sources */,
				112CFA292610EE8D005EA034 /* ProjectViewMain.swift in Sources */,
				113497F4261D9B11007AAE96 /* TestSystem.swift in Sources */,
				113BC12325EFBD980076AEDC /* MyProjectFeedView.swift in Sources */,
			);
			runOnlyForDeploymentPostprocessing = 0;
		};
/* End PBXSourcesBuildPhase section */

/* Begin XCBuildConfiguration section */
		11BA6C7225DEE6AB000E0580 /* Debug */ = {
			isa = XCBuildConfiguration;
			buildSettings = {
				ALWAYS_SEARCH_USER_PATHS = NO;
				CLANG_ANALYZER_NONNULL = YES;
				CLANG_ANALYZER_NUMBER_OBJECT_CONVERSION = YES_AGGRESSIVE;
				CLANG_CXX_LANGUAGE_STANDARD = "gnu++14";
				CLANG_CXX_LIBRARY = "libc++";
				CLANG_ENABLE_MODULES = YES;
				CLANG_ENABLE_OBJC_ARC = YES;
				CLANG_ENABLE_OBJC_WEAK = YES;
				CLANG_WARN_BLOCK_CAPTURE_AUTORELEASING = YES;
				CLANG_WARN_BOOL_CONVERSION = YES;
				CLANG_WARN_COMMA = YES;
				CLANG_WARN_CONSTANT_CONVERSION = YES;
				CLANG_WARN_DEPRECATED_OBJC_IMPLEMENTATIONS = YES;
				CLANG_WARN_DIRECT_OBJC_ISA_USAGE = YES_ERROR;
				CLANG_WARN_DOCUMENTATION_COMMENTS = YES;
				CLANG_WARN_EMPTY_BODY = YES;
				CLANG_WARN_ENUM_CONVERSION = YES;
				CLANG_WARN_INFINITE_RECURSION = YES;
				CLANG_WARN_INT_CONVERSION = YES;
				CLANG_WARN_NON_LITERAL_NULL_CONVERSION = YES;
				CLANG_WARN_OBJC_IMPLICIT_RETAIN_SELF = YES;
				CLANG_WARN_OBJC_LITERAL_CONVERSION = YES;
				CLANG_WARN_OBJC_ROOT_CLASS = YES_ERROR;
				CLANG_WARN_QUOTED_INCLUDE_IN_FRAMEWORK_HEADER = YES;
				CLANG_WARN_RANGE_LOOP_ANALYSIS = YES;
				CLANG_WARN_STRICT_PROTOTYPES = YES;
				CLANG_WARN_SUSPICIOUS_MOVE = YES;
				CLANG_WARN_UNGUARDED_AVAILABILITY = YES_AGGRESSIVE;
				CLANG_WARN_UNREACHABLE_CODE = YES;
				CLANG_WARN__DUPLICATE_METHOD_MATCH = YES;
				COPY_PHASE_STRIP = NO;
				DEBUG_INFORMATION_FORMAT = dwarf;
				ENABLE_STRICT_OBJC_MSGSEND = YES;
				ENABLE_TESTABILITY = YES;
				GCC_C_LANGUAGE_STANDARD = gnu11;
				GCC_DYNAMIC_NO_PIC = NO;
				GCC_NO_COMMON_BLOCKS = YES;
				GCC_OPTIMIZATION_LEVEL = 0;
				GCC_PREPROCESSOR_DEFINITIONS = (
					"DEBUG=1",
					"$(inherited)",
				);
				GCC_WARN_64_TO_32_BIT_CONVERSION = YES;
				GCC_WARN_ABOUT_RETURN_TYPE = YES_ERROR;
				GCC_WARN_UNDECLARED_SELECTOR = YES;
				GCC_WARN_UNINITIALIZED_AUTOS = YES_AGGRESSIVE;
				GCC_WARN_UNUSED_FUNCTION = YES;
				GCC_WARN_UNUSED_VARIABLE = YES;
				IPHONEOS_DEPLOYMENT_TARGET = 14.4;
				MTL_ENABLE_DEBUG_INFO = INCLUDE_SOURCE;
				MTL_FAST_MATH = YES;
				ONLY_ACTIVE_ARCH = YES;
				SDKROOT = iphoneos;
				SWIFT_ACTIVE_COMPILATION_CONDITIONS = DEBUG;
				SWIFT_OPTIMIZATION_LEVEL = "-Onone";
			};
			name = Debug;
		};
		11BA6C7325DEE6AB000E0580 /* Release */ = {
			isa = XCBuildConfiguration;
			buildSettings = {
				ALWAYS_SEARCH_USER_PATHS = NO;
				CLANG_ANALYZER_NONNULL = YES;
				CLANG_ANALYZER_NUMBER_OBJECT_CONVERSION = YES_AGGRESSIVE;
				CLANG_CXX_LANGUAGE_STANDARD = "gnu++14";
				CLANG_CXX_LIBRARY = "libc++";
				CLANG_ENABLE_MODULES = YES;
				CLANG_ENABLE_OBJC_ARC = YES;
				CLANG_ENABLE_OBJC_WEAK = YES;
				CLANG_WARN_BLOCK_CAPTURE_AUTORELEASING = YES;
				CLANG_WARN_BOOL_CONVERSION = YES;
				CLANG_WARN_COMMA = YES;
				CLANG_WARN_CONSTANT_CONVERSION = YES;
				CLANG_WARN_DEPRECATED_OBJC_IMPLEMENTATIONS = YES;
				CLANG_WARN_DIRECT_OBJC_ISA_USAGE = YES_ERROR;
				CLANG_WARN_DOCUMENTATION_COMMENTS = YES;
				CLANG_WARN_EMPTY_BODY = YES;
				CLANG_WARN_ENUM_CONVERSION = YES;
				CLANG_WARN_INFINITE_RECURSION = YES;
				CLANG_WARN_INT_CONVERSION = YES;
				CLANG_WARN_NON_LITERAL_NULL_CONVERSION = YES;
				CLANG_WARN_OBJC_IMPLICIT_RETAIN_SELF = YES;
				CLANG_WARN_OBJC_LITERAL_CONVERSION = YES;
				CLANG_WARN_OBJC_ROOT_CLASS = YES_ERROR;
				CLANG_WARN_QUOTED_INCLUDE_IN_FRAMEWORK_HEADER = YES;
				CLANG_WARN_RANGE_LOOP_ANALYSIS = YES;
				CLANG_WARN_STRICT_PROTOTYPES = YES;
				CLANG_WARN_SUSPICIOUS_MOVE = YES;
				CLANG_WARN_UNGUARDED_AVAILABILITY = YES_AGGRESSIVE;
				CLANG_WARN_UNREACHABLE_CODE = YES;
				CLANG_WARN__DUPLICATE_METHOD_MATCH = YES;
				COPY_PHASE_STRIP = NO;
				DEBUG_INFORMATION_FORMAT = "dwarf-with-dsym";
				ENABLE_NS_ASSERTIONS = NO;
				ENABLE_STRICT_OBJC_MSGSEND = YES;
				GCC_C_LANGUAGE_STANDARD = gnu11;
				GCC_NO_COMMON_BLOCKS = YES;
				GCC_WARN_64_TO_32_BIT_CONVERSION = YES;
				GCC_WARN_ABOUT_RETURN_TYPE = YES_ERROR;
				GCC_WARN_UNDECLARED_SELECTOR = YES;
				GCC_WARN_UNINITIALIZED_AUTOS = YES_AGGRESSIVE;
				GCC_WARN_UNUSED_FUNCTION = YES;
				GCC_WARN_UNUSED_VARIABLE = YES;
				IPHONEOS_DEPLOYMENT_TARGET = 14.4;
				MTL_ENABLE_DEBUG_INFO = NO;
				MTL_FAST_MATH = YES;
				SDKROOT = iphoneos;
				SWIFT_COMPILATION_MODE = wholemodule;
				SWIFT_OPTIMIZATION_LEVEL = "-O";
				VALIDATE_PRODUCT = YES;
			};
			name = Release;
		};
		11BA6C7525DEE6AB000E0580 /* Debug */ = {
			isa = XCBuildConfiguration;
			buildSettings = {
				ASSETCATALOG_COMPILER_APPICON_NAME = AppIcon;
				ASSETCATALOG_COMPILER_GLOBAL_ACCENT_COLOR_NAME = AccentColor;
				CODE_SIGN_STYLE = Automatic;
				DEVELOPMENT_ASSET_PATHS = "\"Racketa_SwiftUI/Preview Content\"";
				DEVELOPMENT_TEAM = 97H3L3NWGN;
				ENABLE_PREVIEWS = YES;
				INFOPLIST_FILE = Racketa_SwiftUI/Info.plist;
				IPHONEOS_DEPLOYMENT_TARGET = 14.0;
				LD_RUNPATH_SEARCH_PATHS = (
					"$(inherited)",
					"@executable_path/Frameworks",
				);
				PRODUCT_BUNDLE_IDENTIFIER = "-145tttSaOg.Racketa-SwiftUI";
				PRODUCT_NAME = "$(TARGET_NAME)";
				SWIFT_VERSION = 5.0;
				TARGETED_DEVICE_FAMILY = "1,2";
			};
			name = Debug;
		};
		11BA6C7625DEE6AB000E0580 /* Release */ = {
			isa = XCBuildConfiguration;
			buildSettings = {
				ASSETCATALOG_COMPILER_APPICON_NAME = AppIcon;
				ASSETCATALOG_COMPILER_GLOBAL_ACCENT_COLOR_NAME = AccentColor;
				CODE_SIGN_STYLE = Automatic;
				DEVELOPMENT_ASSET_PATHS = "\"Racketa_SwiftUI/Preview Content\"";
				DEVELOPMENT_TEAM = 97H3L3NWGN;
				ENABLE_PREVIEWS = YES;
				INFOPLIST_FILE = Racketa_SwiftUI/Info.plist;
				IPHONEOS_DEPLOYMENT_TARGET = 14.0;
				LD_RUNPATH_SEARCH_PATHS = (
					"$(inherited)",
					"@executable_path/Frameworks",
				);
				PRODUCT_BUNDLE_IDENTIFIER = "-145tttSaOg.Racketa-SwiftUI";
				PRODUCT_NAME = "$(TARGET_NAME)";
				SWIFT_VERSION = 5.0;
				TARGETED_DEVICE_FAMILY = "1,2";
			};
			name = Release;
		};
/* End XCBuildConfiguration section */

/* Begin XCConfigurationList section */
		11BA6C6025DEE6A8000E0580 /* Build configuration list for PBXProject "Racketa_SwiftUI" */ = {
			isa = XCConfigurationList;
			buildConfigurations = (
				11BA6C7225DEE6AB000E0580 /* Debug */,
				11BA6C7325DEE6AB000E0580 /* Release */,
			);
			defaultConfigurationIsVisible = 0;
			defaultConfigurationName = Release;
		};
		11BA6C7425DEE6AB000E0580 /* Build configuration list for PBXNativeTarget "Racketa_SwiftUI" */ = {
			isa = XCConfigurationList;
			buildConfigurations = (
				11BA6C7525DEE6AB000E0580 /* Debug */,
				11BA6C7625DEE6AB000E0580 /* Release */,
			);
			defaultConfigurationIsVisible = 0;
			defaultConfigurationName = Release;
		};
/* End XCConfigurationList section */
	};
	rootObject = 11BA6C5D25DEE6A8000E0580 /* Project object */;
}
