// !$*UTF8*$!
{
	archiveVersion = 1;
	classes = {
	};
	objectVersion = 50;
	objects = {

/* Begin PBXBuildFile section */
		114BAA8225D9B65F0099AD5F /* CodeViewController.swift in Sources */ = {isa = PBXBuildFile; fileRef = 114BAA8125D9B65F0099AD5F /* CodeViewController.swift */; };
		114DCCD825D98123001F450E /* AppDelegate.swift in Sources */ = {isa = PBXBuildFile; fileRef = 114DCCD725D98123001F450E /* AppDelegate.swift */; };
		114DCCDC25D98123001F450E /* AuthorizationViewController.swift in Sources */ = {isa = PBXBuildFile; fileRef = 114DCCDB25D98123001F450E /* AuthorizationViewController.swift */; };
		114DCCDF25D98123001F450E /* Main.storyboard in Resources */ = {isa = PBXBuildFile; fileRef = 114DCCDD25D98123001F450E /* Main.storyboard */; };
		114DCCE125D98124001F450E /* Assets.xcassets in Resources */ = {isa = PBXBuildFile; fileRef = 114DCCE025D98124001F450E /* Assets.xcassets */; };
		114DCCE425D98124001F450E /* LaunchScreen.storyboard in Resources */ = {isa = PBXBuildFile; fileRef = 114DCCE225D98124001F450E /* LaunchScreen.storyboard */; };
		114DCCF025D98779001F450E /* RoundedTextField.swift in Sources */ = {isa = PBXBuildFile; fileRef = 114DCCEF25D98779001F450E /* RoundedTextField.swift */; };
		114DCCF525D99582001F450E /* CustomButton.swift in Sources */ = {isa = PBXBuildFile; fileRef = 114DCCF425D99582001F450E /* CustomButton.swift */; };
/* End PBXBuildFile section */

/* Begin PBXFileReference section */
		114BAA8125D9B65F0099AD5F /* CodeViewController.swift */ = {isa = PBXFileReference; lastKnownFileType = sourcecode.swift; path = CodeViewController.swift; sourceTree = "<group>"; };
		114DCCD425D98123001F450E /* Racketa.app */ = {isa = PBXFileReference; explicitFileType = wrapper.application; includeInIndex = 0; path = Racketa.app; sourceTree = BUILT_PRODUCTS_DIR; };
		114DCCD725D98123001F450E /* AppDelegate.swift */ = {isa = PBXFileReference; lastKnownFileType = sourcecode.swift; path = AppDelegate.swift; sourceTree = "<group>"; };
		114DCCDB25D98123001F450E /* AuthorizationViewController.swift */ = {isa = PBXFileReference; lastKnownFileType = sourcecode.swift; path = AuthorizationViewController.swift; sourceTree = "<group>"; };
		114DCCDE25D98123001F450E /* Base */ = {isa = PBXFileReference; lastKnownFileType = file.storyboard; name = Base; path = Base.lproj/Main.storyboard; sourceTree = "<group>"; };
		114DCCE025D98124001F450E /* Assets.xcassets */ = {isa = PBXFileReference; lastKnownFileType = folder.assetcatalog; path = Assets.xcassets; sourceTree = "<group>"; };
		114DCCE325D98124001F450E /* Base */ = {isa = PBXFileReference; lastKnownFileType = file.storyboard; name = Base; path = Base.lproj/LaunchScreen.storyboard; sourceTree = "<group>"; };
		114DCCE525D98124001F450E /* Info.plist */ = {isa = PBXFileReference; lastKnownFileType = text.plist.xml; path = Info.plist; sourceTree = "<group>"; };
		114DCCEF25D98779001F450E /* RoundedTextField.swift */ = {isa = PBXFileReference; lastKnownFileType = sourcecode.swift; path = RoundedTextField.swift; sourceTree = "<group>"; };
		114DCCF425D99582001F450E /* CustomButton.swift */ = {isa = PBXFileReference; lastKnownFileType = sourcecode.swift; path = CustomButton.swift; sourceTree = "<group>"; };
/* End PBXFileReference section */

/* Begin PBXFrameworksBuildPhase section */
		114DCCD125D98123001F450E /* Frameworks */ = {
			isa = PBXFrameworksBuildPhase;
			buildActionMask = 2147483647;
			files = (
			);
			runOnlyForDeploymentPostprocessing = 0;
		};
/* End PBXFrameworksBuildPhase section */

/* Begin PBXGroup section */
		114DCCCB25D98123001F450E = {
			isa = PBXGroup;
			children = (
				114DCCD625D98123001F450E /* Racketa */,
				114DCCD525D98123001F450E /* Products */,
			);
			sourceTree = "<group>";
		};
		114DCCD525D98123001F450E /* Products */ = {
			isa = PBXGroup;
			children = (
				114DCCD425D98123001F450E /* Racketa.app */,
			);
			name = Products;
			sourceTree = "<group>";
		};
		114DCCD625D98123001F450E /* Racketa */ = {
			isa = PBXGroup;
			children = (
				114DCCD725D98123001F450E /* AppDelegate.swift */,
				114DCCDB25D98123001F450E /* AuthorizationViewController.swift */,
				114BAA8125D9B65F0099AD5F /* CodeViewController.swift */,
				114DCCDD25D98123001F450E /* Main.storyboard */,
				114DCCF325D9951C001F450E /* CustomClasses */,
				114DCCE025D98124001F450E /* Assets.xcassets */,
				114DCCE225D98124001F450E /* LaunchScreen.storyboard */,
				114DCCE525D98124001F450E /* Info.plist */,
			);
			path = Racketa;
			sourceTree = "<group>";
		};
		114DCCF325D9951C001F450E /* CustomClasses */ = {
			isa = PBXGroup;
			children = (
				114DCCEF25D98779001F450E /* RoundedTextField.swift */,
				114DCCF425D99582001F450E /* CustomButton.swift */,
			);
			path = CustomClasses;
			sourceTree = "<group>";
		};
/* End PBXGroup section */

/* Begin PBXNativeTarget section */
		114DCCD325D98123001F450E /* Racketa */ = {
			isa = PBXNativeTarget;
			buildConfigurationList = 114DCCE825D98124001F450E /* Build configuration list for PBXNativeTarget "Racketa" */;
			buildPhases = (
				114DCCD025D98123001F450E /* Sources */,
				114DCCD125D98123001F450E /* Frameworks */,
				114DCCD225D98123001F450E /* Resources */,
			);
			buildRules = (
			);
			dependencies = (
			);
			name = Racketa;
			productName = Racketa;
			productReference = 114DCCD425D98123001F450E /* Racketa.app */;
			productType = "com.apple.product-type.application";
		};
/* End PBXNativeTarget section */

/* Begin PBXProject section */
		114DCCCC25D98123001F450E /* Project object */ = {
			isa = PBXProject;
			attributes = {
				LastSwiftUpdateCheck = 1240;
				LastUpgradeCheck = 1240;
				TargetAttributes = {
					114DCCD325D98123001F450E = {
						CreatedOnToolsVersion = 12.4;
					};
				};
			};
			buildConfigurationList = 114DCCCF25D98123001F450E /* Build configuration list for PBXProject "Racketa" */;
			compatibilityVersion = "Xcode 9.3";
			developmentRegion = en;
			hasScannedForEncodings = 0;
			knownRegions = (
				en,
				Base,
			);
			mainGroup = 114DCCCB25D98123001F450E;
			productRefGroup = 114DCCD525D98123001F450E /* Products */;
			projectDirPath = "";
			projectRoot = "";
			targets = (
				114DCCD325D98123001F450E /* Racketa */,
			);
		};
/* End PBXProject section */

/* Begin PBXResourcesBuildPhase section */
		114DCCD225D98123001F450E /* Resources */ = {
			isa = PBXResourcesBuildPhase;
			buildActionMask = 2147483647;
			files = (
				114DCCE425D98124001F450E /* LaunchScreen.storyboard in Resources */,
				114DCCE125D98124001F450E /* Assets.xcassets in Resources */,
				114DCCDF25D98123001F450E /* Main.storyboard in Resources */,
			);
			runOnlyForDeploymentPostprocessing = 0;
		};
/* End PBXResourcesBuildPhase section */

/* Begin PBXSourcesBuildPhase section */
		114DCCD025D98123001F450E /* Sources */ = {
			isa = PBXSourcesBuildPhase;
			buildActionMask = 2147483647;
			files = (
				114DCCDC25D98123001F450E /* AuthorizationViewController.swift in Sources */,
				114DCCF525D99582001F450E /* CustomButton.swift in Sources */,
				114DCCD825D98123001F450E /* AppDelegate.swift in Sources */,
				114BAA8225D9B65F0099AD5F /* CodeViewController.swift in Sources */,
				114DCCF025D98779001F450E /* RoundedTextField.swift in Sources */,
			);
			runOnlyForDeploymentPostprocessing = 0;
		};
/* End PBXSourcesBuildPhase section */

/* Begin PBXVariantGroup section */
		114DCCDD25D98123001F450E /* Main.storyboard */ = {
			isa = PBXVariantGroup;
			children = (
				114DCCDE25D98123001F450E /* Base */,
			);
			name = Main.storyboard;
			sourceTree = "<group>";
		};
		114DCCE225D98124001F450E /* LaunchScreen.storyboard */ = {
			isa = PBXVariantGroup;
			children = (
				114DCCE325D98124001F450E /* Base */,
			);
			name = LaunchScreen.storyboard;
			sourceTree = "<group>";
		};
/* End PBXVariantGroup section */

/* Begin XCBuildConfiguration section */
		114DCCE625D98124001F450E /* Debug */ = {
			isa = XCBuildConfiguration;
			buildSettings = {
				ALWAYS_SEARCH_USER_PATHS = NO;
				CLANG_ANALYZER_NONNULL = YES;
				CLANG_ANALYZER_NUMBER_OBJECT_CONVERSION = YES_AGGRESSIVE;
				CLANG_CXX_LANGUAGE_STANDARD = "gnu++14";
				CLANG_CXX_LIBRARY = "libc++";
				CLANG_ENABLE_MODULES = YES;
				CLANG_ENABLE_OBJC_ARC = YES;
				CLANG_ENABLE_OBJC_WEAK = YES;
				CLANG_WARN_BLOCK_CAPTURE_AUTORELEASING = YES;
				CLANG_WARN_BOOL_CONVERSION = YES;
				CLANG_WARN_COMMA = YES;
				CLANG_WARN_CONSTANT_CONVERSION = YES;
				CLANG_WARN_DEPRECATED_OBJC_IMPLEMENTATIONS = YES;
				CLANG_WARN_DIRECT_OBJC_ISA_USAGE = YES_ERROR;
				CLANG_WARN_DOCUMENTATION_COMMENTS = YES;
				CLANG_WARN_EMPTY_BODY = YES;
				CLANG_WARN_ENUM_CONVERSION = YES;
				CLANG_WARN_INFINITE_RECURSION = YES;
				CLANG_WARN_INT_CONVERSION = YES;
				CLANG_WARN_NON_LITERAL_NULL_CONVERSION = YES;
				CLANG_WARN_OBJC_IMPLICIT_RETAIN_SELF = YES;
				CLANG_WARN_OBJC_LITERAL_CONVERSION = YES;
				CLANG_WARN_OBJC_ROOT_CLASS = YES_ERROR;
				CLANG_WARN_QUOTED_INCLUDE_IN_FRAMEWORK_HEADER = YES;
				CLANG_WARN_RANGE_LOOP_ANALYSIS = YES;
				CLANG_WARN_STRICT_PROTOTYPES = YES;
				CLANG_WARN_SUSPICIOUS_MOVE = YES;
				CLANG_WARN_UNGUARDED_AVAILABILITY = YES_AGGRESSIVE;
				CLANG_WARN_UNREACHABLE_CODE = YES;
				CLANG_WARN__DUPLICATE_METHOD_MATCH = YES;
				COPY_PHASE_STRIP = NO;
				DEBUG_INFORMATION_FORMAT = dwarf;
				ENABLE_STRICT_OBJC_MSGSEND = YES;
				ENABLE_TESTABILITY = YES;
				GCC_C_LANGUAGE_STANDARD = gnu11;
				GCC_DYNAMIC_NO_PIC = NO;
				GCC_NO_COMMON_BLOCKS = YES;
				GCC_OPTIMIZATION_LEVEL = 0;
				GCC_PREPROCESSOR_DEFINITIONS = (
					"DEBUG=1",
					"$(inherited)",
				);
				GCC_WARN_64_TO_32_BIT_CONVERSION = YES;
				GCC_WARN_ABOUT_RETURN_TYPE = YES_ERROR;
				GCC_WARN_UNDECLARED_SELECTOR = YES;
				GCC_WARN_UNINITIALIZED_AUTOS = YES_AGGRESSIVE;
				GCC_WARN_UNUSED_FUNCTION = YES;
				GCC_WARN_UNUSED_VARIABLE = YES;
				IPHONEOS_DEPLOYMENT_TARGET = 14.4;
				MTL_ENABLE_DEBUG_INFO = INCLUDE_SOURCE;
				MTL_FAST_MATH = YES;
				ONLY_ACTIVE_ARCH = YES;
				SDKROOT = iphoneos;
				SWIFT_ACTIVE_COMPILATION_CONDITIONS = DEBUG;
				SWIFT_OPTIMIZATION_LEVEL = "-Onone";
			};
			name = Debug;
		};
		114DCCE725D98124001F450E /* Release */ = {
			isa = XCBuildConfiguration;
			buildSettings = {
				ALWAYS_SEARCH_USER_PATHS = NO;
				CLANG_ANALYZER_NONNULL = YES;
				CLANG_ANALYZER_NUMBER_OBJECT_CONVERSION = YES_AGGRESSIVE;
				CLANG_CXX_LANGUAGE_STANDARD = "gnu++14";
				CLANG_CXX_LIBRARY = "libc++";
				CLANG_ENABLE_MODULES = YES;
				CLANG_ENABLE_OBJC_ARC = YES;
				CLANG_ENABLE_OBJC_WEAK = YES;
				CLANG_WARN_BLOCK_CAPTURE_AUTORELEASING = YES;
				CLANG_WARN_BOOL_CONVERSION = YES;
				CLANG_WARN_COMMA = YES;
				CLANG_WARN_CONSTANT_CONVERSION = YES;
				CLANG_WARN_DEPRECATED_OBJC_IMPLEMENTATIONS = YES;
				CLANG_WARN_DIRECT_OBJC_ISA_USAGE = YES_ERROR;
				CLANG_WARN_DOCUMENTATION_COMMENTS = YES;
				CLANG_WARN_EMPTY_BODY = YES;
				CLANG_WARN_ENUM_CONVERSION = YES;
				CLANG_WARN_INFINITE_RECURSION = YES;
				CLANG_WARN_INT_CONVERSION = YES;
				CLANG_WARN_NON_LITERAL_NULL_CONVERSION = YES;
				CLANG_WARN_OBJC_IMPLICIT_RETAIN_SELF = YES;
				CLANG_WARN_OBJC_LITERAL_CONVERSION = YES;
				CLANG_WARN_OBJC_ROOT_CLASS = YES_ERROR;
				CLANG_WARN_QUOTED_INCLUDE_IN_FRAMEWORK_HEADER = YES;
				CLANG_WARN_RANGE_LOOP_ANALYSIS = YES;
				CLANG_WARN_STRICT_PROTOTYPES = YES;
				CLANG_WARN_SUSPICIOUS_MOVE = YES;
				CLANG_WARN_UNGUARDED_AVAILABILITY = YES_AGGRESSIVE;
				CLANG_WARN_UNREACHABLE_CODE = YES;
				CLANG_WARN__DUPLICATE_METHOD_MATCH = YES;
				COPY_PHASE_STRIP = NO;
				DEBUG_INFORMATION_FORMAT = "dwarf-with-dsym";
				ENABLE_NS_ASSERTIONS = NO;
				ENABLE_STRICT_OBJC_MSGSEND = YES;
				GCC_C_LANGUAGE_STANDARD = gnu11;
				GCC_NO_COMMON_BLOCKS = YES;
				GCC_WARN_64_TO_32_BIT_CONVERSION = YES;
				GCC_WARN_ABOUT_RETURN_TYPE = YES_ERROR;
				GCC_WARN_UNDECLARED_SELECTOR = YES;
				GCC_WARN_UNINITIALIZED_AUTOS = YES_AGGRESSIVE;
				GCC_WARN_UNUSED_FUNCTION = YES;
				GCC_WARN_UNUSED_VARIABLE = YES;
				IPHONEOS_DEPLOYMENT_TARGET = 14.4;
				MTL_ENABLE_DEBUG_INFO = NO;
				MTL_FAST_MATH = YES;
				SDKROOT = iphoneos;
				SWIFT_COMPILATION_MODE = wholemodule;
				SWIFT_OPTIMIZATION_LEVEL = "-O";
				VALIDATE_PRODUCT = YES;
			};
			name = Release;
		};
		114DCCE925D98124001F450E /* Debug */ = {
			isa = XCBuildConfiguration;
			buildSettings = {
				ASSETCATALOG_COMPILER_APPICON_NAME = AppIcon;
				ASSETCATALOG_COMPILER_GLOBAL_ACCENT_COLOR_NAME = AccentColor;
				CODE_SIGN_STYLE = Automatic;
				DEVELOPMENT_TEAM = 97H3L3NWGN;
				INFOPLIST_FILE = Racketa/Info.plist;
				IPHONEOS_DEPLOYMENT_TARGET = 11.0;
				LD_RUNPATH_SEARCH_PATHS = (
					"$(inherited)",
					"@executable_path/Frameworks",
				);
				PRODUCT_BUNDLE_IDENTIFIER = "-145tttSaOg.Racketa";
				PRODUCT_NAME = "$(TARGET_NAME)";
				SWIFT_VERSION = 5.0;
				TARGETED_DEVICE_FAMILY = "1,2";
			};
			name = Debug;
		};
		114DCCEA25D98124001F450E /* Release */ = {
			isa = XCBuildConfiguration;
			buildSettings = {
				ASSETCATALOG_COMPILER_APPICON_NAME = AppIcon;
				ASSETCATALOG_COMPILER_GLOBAL_ACCENT_COLOR_NAME = AccentColor;
				CODE_SIGN_STYLE = Automatic;
				DEVELOPMENT_TEAM = 97H3L3NWGN;
				INFOPLIST_FILE = Racketa/Info.plist;
				IPHONEOS_DEPLOYMENT_TARGET = 11.0;
				LD_RUNPATH_SEARCH_PATHS = (
					"$(inherited)",
					"@executable_path/Frameworks",
				);
				PRODUCT_BUNDLE_IDENTIFIER = "-145tttSaOg.Racketa";
				PRODUCT_NAME = "$(TARGET_NAME)";
				SWIFT_VERSION = 5.0;
				TARGETED_DEVICE_FAMILY = "1,2";
			};
			name = Release;
		};
/* End XCBuildConfiguration section */

/* Begin XCConfigurationList section */
		114DCCCF25D98123001F450E /* Build configuration list for PBXProject "Racketa" */ = {
			isa = XCConfigurationList;
			buildConfigurations = (
				114DCCE625D98124001F450E /* Debug */,
				114DCCE725D98124001F450E /* Release */,
			);
			defaultConfigurationIsVisible = 0;
			defaultConfigurationName = Release;
		};
		114DCCE825D98124001F450E /* Build configuration list for PBXNativeTarget "Racketa" */ = {
			isa = XCConfigurationList;
			buildConfigurations = (
				114DCCE925D98124001F450E /* Debug */,
				114DCCEA25D98124001F450E /* Release */,
			);
			defaultConfigurationIsVisible = 0;
			defaultConfigurationName = Release;
		};
/* End XCConfigurationList section */
	};
	rootObject = 114DCCCC25D98123001F450E /* Project object */;
}
